// !$*UTF8*$!
{
	archiveVersion = 1;
	classes = {
	};
	objectVersion = 56;
	objects = {

/* Begin PBXBuildFile section */
		CB91B236D5F7C7144AA1B55E /* Assets.xcassets in Resources */ = {isa = PBXBuildFile; fileRef = B5E4BCA51612EB4937DB848A /* Assets.xcassets */; };
		D4E5F6A7B8C94D0E1F2A3B4C /* PrivacyInfo.xcprivacy in Resources */ = {isa = PBXBuildFile; fileRef = C1D2E3F4A5B60718293A4B5C /* PrivacyInfo.xcprivacy */; };
		4BA9D7AA6D714D6F910BED51 /* CacheEnvelope.swift in Sources */ = {isa = PBXBuildFile; fileRef = 89153251FF794878B656A195 /* CacheEnvelope.swift */; };
		5733BE05234D4B469B6F6357 /* DeskSnapshot.swift in Sources */ = {isa = PBXBuildFile; fileRef = 8AEB1BFA4F9E49408518F2F1 /* DeskSnapshot.swift */; };
		E3B44F72446B4435A6F92B8C /* NTDeskApp.swift in Sources */ = {isa = PBXBuildFile; fileRef = 27EE6A4556014ACB90E60C91 /* NTDeskApp.swift */; };
		710ECB7CA555499BB575330B /* CacheStore.swift in Sources */ = {isa = PBXBuildFile; fileRef = 4544F1B14C1848B3A0625549 /* CacheStore.swift */; };
		518DBD775FE644599D68FD6C /* DeskAPIClient.swift in Sources */ = {isa = PBXBuildFile; fileRef = 965A39FC5F2047DD89F4A62F /* DeskAPIClient.swift */; };
		02500C5084F54662BCBB9D79 /* PrivateHostPolicy.swift in Sources */ = {isa = PBXBuildFile; fileRef = 1F73ED04DEF54036AFB8EC70 /* PrivateHostPolicy.swift */; };
		0DDFCD6BF58E47FD8D033C60 /* SyncService.swift in Sources */ = {isa = PBXBuildFile; fileRef = C75282348639400EB6DDC42C /* SyncService.swift */; };
		7386E4EB0A584CD58E467CA9 /* ChartsView.swift in Sources */ = {isa = PBXBuildFile; fileRef = 2B800869570241A490F8BC76 /* ChartsView.swift */; };
		6F4AF4EB9E094DDDB2DCEC87 /* DeskView.swift in Sources */ = {isa = PBXBuildFile; fileRef = 64B3963EEF5248F6B65F432A /* DeskView.swift */; };
		A292ED1DF0D743FC8AC0E623 /* PendingListView.swift in Sources */ = {isa = PBXBuildFile; fileRef = 7D6E27D0C86F424B88EE82F2 /* PendingListView.swift */; };
		86A1EAEF46144C9EA4903E56 /* RootView.swift in Sources */ = {isa = PBXBuildFile; fileRef = 49318D0CC6E143AAA1555618 /* RootView.swift */; };
		D2EB199DB8424737B2E17533 /* SettingsView.swift in Sources */ = {isa = PBXBuildFile; fileRef = 9E6AC46BE5914858AA4431A5 /* SettingsView.swift */; };
		43074185315343D497370947 /* SlipView.swift in Sources */ = {isa = PBXBuildFile; fileRef = BE027349E12B4BDFB67B3DBA /* SlipView.swift */; };
		433FAE3AD3044C65A3768EA6 /* Color+Hex.swift in Sources */ = {isa = PBXBuildFile; fileRef = 459296BA0024409386108622 /* Color+Hex.swift */; };
		3C9087B488054EE288DC4DAC /* DeskTheme.swift in Sources */ = {isa = PBXBuildFile; fileRef = 9016FB0E7E8A4929A2708216 /* DeskTheme.swift */; };
		DE90BB1B9CC04018B9BC8B05 /* DeskSpacing.swift in Sources */ = {isa = PBXBuildFile; fileRef = E926D1ED8A694AB79F8F8B98 /* DeskSpacing.swift */; };
		91F7C6B3DB424374BD0A2590 /* DeskTypography.swift in Sources */ = {isa = PBXBuildFile; fileRef = B370D56E4ED14EBCA7E78EB5 /* DeskTypography.swift */; };
		66CC323A1C1340AEB2F2AB74 /* DeskFormatters.swift in Sources */ = {isa = PBXBuildFile; fileRef = 9E2A6EE90C0C46C3A05FCCE8 /* DeskFormatters.swift */; };
		754812D293BB431DBCE73393 /* MetricCard.swift in Sources */ = {isa = PBXBuildFile; fileRef = B3F9BD0E9C5E44339F56C699 /* MetricCard.swift */; };
		5EC5B62D213F49F7B232777E /* DeskCard.swift in Sources */ = {isa = PBXBuildFile; fileRef = 662843DAEBD7427A95AC89B8 /* DeskCard.swift */; };
		E84002870C2349519C0A75A6 /* StatusPill.swift in Sources */ = {isa = PBXBuildFile; fileRef = 6C956EA299234BF1BC01281C /* StatusPill.swift */; };
		38C4C7F4264144B084C95275 /* FreshnessBanner.swift in Sources */ = {isa = PBXBuildFile; fileRef = 8BABF7F3046C4854B0C6B736 /* FreshnessBanner.swift */; };
		A1B2C3D4E5F6471890ABCDEF /* RiskGaugeCard.swift in Sources */ = {isa = PBXBuildFile; fileRef = F1E2D3C4B5A6978800112233 /* RiskGaugeCard.swift */; };
		A7C3E91F4B2D4E6A9F1C8D05 /* EmptyDeskView.swift in Sources */ = {isa = PBXBuildFile; fileRef = B8D4F025C3E4F7B0A2D9E160 /* EmptyDeskView.swift */; };
/* End PBXBuildFile section */

/* Begin PBXFileReference section */
		89153251FF794878B656A195 /* CacheEnvelope.swift */ = {isa = PBXFileReference; lastKnownFileType = sourcecode.swift; path = CacheEnvelope.swift; sourceTree = "<group>"; };
		8AEB1BFA4F9E49408518F2F1 /* DeskSnapshot.swift */ = {isa = PBXFileReference; lastKnownFileType = sourcecode.swift; path = DeskSnapshot.swift; sourceTree = "<group>"; };
		27EE6A4556014ACB90E60C91 /* NTDeskApp.swift */ = {isa = PBXFileReference; lastKnownFileType = sourcecode.swift; path = NTDeskApp.swift; sourceTree = "<group>"; };
		4544F1B14C1848B3A0625549 /* CacheStore.swift */ = {isa = PBXFileReference; lastKnownFileType = sourcecode.swift; path = CacheStore.swift; sourceTree = "<group>"; };
		965A39FC5F2047DD89F4A62F /* DeskAPIClient.swift */ = {isa = PBXFileReference; lastKnownFileType = sourcecode.swift; path = DeskAPIClient.swift; sourceTree = "<group>"; };
		1F73ED04DEF54036AFB8EC70 /* PrivateHostPolicy.swift */ = {isa = PBXFileReference; lastKnownFileType = sourcecode.swift; path = PrivateHostPolicy.swift; sourceTree = "<group>"; };
		C75282348639400EB6DDC42C /* SyncService.swift */ = {isa = PBXFileReference; lastKnownFileType = sourcecode.swift; path = SyncService.swift; sourceTree = "<group>"; };
		2B800869570241A490F8BC76 /* ChartsView.swift */ = {isa = PBXFileReference; lastKnownFileType = sourcecode.swift; path = ChartsView.swift; sourceTree = "<group>"; };
		64B3963EEF5248F6B65F432A /* DeskView.swift */ = {isa = PBXFileReference; lastKnownFileType = sourcecode.swift; path = DeskView.swift; sourceTree = "<group>"; };
		7D6E27D0C86F424B88EE82F2 /* PendingListView.swift */ = {isa = PBXFileReference; lastKnownFileType = sourcecode.swift; path = PendingListView.swift; sourceTree = "<group>"; };
		49318D0CC6E143AAA1555618 /* RootView.swift */ = {isa = PBXFileReference; lastKnownFileType = sourcecode.swift; path = RootView.swift; sourceTree = "<group>"; };
		9E6AC46BE5914858AA4431A5 /* SettingsView.swift */ = {isa = PBXFileReference; lastKnownFileType = sourcecode.swift; path = SettingsView.swift; sourceTree = "<group>"; };
		BE027349E12B4BDFB67B3DBA /* SlipView.swift */ = {isa = PBXFileReference; lastKnownFileType = sourcecode.swift; path = SlipView.swift; sourceTree = "<group>"; };
		459296BA0024409386108622 /* Color+Hex.swift */ = {isa = PBXFileReference; lastKnownFileType = sourcecode.swift; path = "Color+Hex.swift"; sourceTree = "<group>"; };
		9016FB0E7E8A4929A2708216 /* DeskTheme.swift */ = {isa = PBXFileReference; lastKnownFileType = sourcecode.swift; path = DeskTheme.swift; sourceTree = "<group>"; };
		E926D1ED8A694AB79F8F8B98 /* DeskSpacing.swift */ = {isa = PBXFileReference; lastKnownFileType = sourcecode.swift; path = DeskSpacing.swift; sourceTree = "<group>"; };
		B370D56E4ED14EBCA7E78EB5 /* DeskTypography.swift */ = {isa = PBXFileReference; lastKnownFileType = sourcecode.swift; path = DeskTypography.swift; sourceTree = "<group>"; };
		9E2A6EE90C0C46C3A05FCCE8 /* DeskFormatters.swift */ = {isa = PBXFileReference; lastKnownFileType = sourcecode.swift; path = DeskFormatters.swift; sourceTree = "<group>"; };
		B3F9BD0E9C5E44339F56C699 /* MetricCard.swift */ = {isa = PBXFileReference; lastKnownFileType = sourcecode.swift; path = MetricCard.swift; sourceTree = "<group>"; };
		662843DAEBD7427A95AC89B8 /* DeskCard.swift */ = {isa = PBXFileReference; lastKnownFileType = sourcecode.swift; path = DeskCard.swift; sourceTree = "<group>"; };
		6C956EA299234BF1BC01281C /* StatusPill.swift */ = {isa = PBXFileReference; lastKnownFileType = sourcecode.swift; path = StatusPill.swift; sourceTree = "<group>"; };
		8BABF7F3046C4854B0C6B736 /* FreshnessBanner.swift */ = {isa = PBXFileReference; lastKnownFileType = sourcecode.swift; path = FreshnessBanner.swift; sourceTree = "<group>"; };
		F1E2D3C4B5A6978800112233 /* RiskGaugeCard.swift */ = {isa = PBXFileReference; lastKnownFileType = sourcecode.swift; path = RiskGaugeCard.swift; sourceTree = "<group>"; };
		B8D4F025C3E4F7B0A2D9E160 /* EmptyDeskView.swift */ = {isa = PBXFileReference; lastKnownFileType = sourcecode.swift; path = EmptyDeskView.swift; sourceTree = "<group>"; };
		848437EA320F44D9A1F3E5AD /* NTDesk.app */ = {isa = PBXFileReference; explicitFileType = wrapper.application; includeInIndex = 0; path = NTDesk.app; sourceTree = BUILT_PRODUCTS_DIR; };
		14E671AE8ACD437DA6E95191 /* Info.plist */ = {isa = PBXFileReference; lastKnownFileType = text.plist.xml; path = Info.plist; sourceTree = "<group>"; };
		B5E4BCA51612EB4937DB848A /* Assets.xcassets */ = {isa = PBXFileReference; lastKnownFileType = folder.assetcatalog; path = Assets.xcassets; sourceTree = "<group>"; };
		C1D2E3F4A5B60718293A4B5C /* PrivacyInfo.xcprivacy */ = {isa = PBXFileReference; lastKnownFileType = text.xml; path = PrivacyInfo.xcprivacy; sourceTree = "<group>"; };
/* End PBXFileReference section */

/* Begin PBXFrameworksBuildPhase section */
		3B6AF8B309C24FDFA06C1428 /* Frameworks */ = {
			isa = PBXFrameworksBuildPhase;
			buildActionMask = 2147483647;
			files = (
			);
			runOnlyForDeploymentPostprocessing = 0;
		};
/* End PBXFrameworksBuildPhase section */

/* Begin PBXGroup section */
		3176D2C4D01D4821815C5F59 = {
			isa = PBXGroup;
			children = (
				A8F4DE00B463499C98F24529 /* NTDesk */,
				A33091FEC3134DA2BACC85B6 /* Products */,
			);
			sourceTree = "<group>";
		};
		A33091FEC3134DA2BACC85B6 /* Products */ = {
			isa = PBXGroup;
			children = (
				848437EA320F44D9A1F3E5AD /* NTDesk.app */,
			);
			name = Products;
			sourceTree = "<group>";
		};
		A8F4DE00B463499C98F24529 /* NTDesk */ = {
			isa = PBXGroup;
			children = (
				27EE6A4556014ACB90E60C91 /* NTDeskApp.swift */,
				D3378FDD6A4C4B45B645117A /* DesignSystem */,
				5A43CDD0A1EB45ECBB96D3A7 /* Models */,
				2D1A3137E6B74250BCCE8A09 /* Services */,
				231DA40782AF4C789E9F251F /* Views */,
				B5E4BCA51612EB4937DB848A /* Assets.xcassets */,
				14E671AE8ACD437DA6E95191 /* Info.plist */,
				C1D2E3F4A5B60718293A4B5C /* PrivacyInfo.xcprivacy */,
			);
			path = NTDesk;
			sourceTree = "<group>";
		};
		D3378FDD6A4C4B45B645117A /* DesignSystem */ = {
			isa = PBXGroup;
			children = (
				459296BA0024409386108622 /* Color+Hex.swift */,
				9016FB0E7E8A4929A2708216 /* DeskTheme.swift */,
				E926D1ED8A694AB79F8F8B98 /* DeskSpacing.swift */,
				B370D56E4ED14EBCA7E78EB5 /* DeskTypography.swift */,
				9E2A6EE90C0C46C3A05FCCE8 /* DeskFormatters.swift */,
				3E32E91AE924460FA8AB19DF /* Components */,
			);
			path = DesignSystem;
			sourceTree = "<group>";
		};
		3E32E91AE924460FA8AB19DF /* Components */ = {
			isa = PBXGroup;
			children = (
				B3F9BD0E9C5E44339F56C699 /* MetricCard.swift */,
				662843DAEBD7427A95AC89B8 /* DeskCard.swift */,
				6C956EA299234BF1BC01281C /* StatusPill.swift */,
				8BABF7F3046C4854B0C6B736 /* FreshnessBanner.swift */,
				F1E2D3C4B5A6978800112233 /* RiskGaugeCard.swift */,
				B8D4F025C3E4F7B0A2D9E160 /* EmptyDeskView.swift */,
			);
			path = Components;
			sourceTree = "<group>";
		};
		5A43CDD0A1EB45ECBB96D3A7 /* Models */ = {
			isa = PBXGroup;
			children = (
				89153251FF794878B656A195 /* CacheEnvelope.swift */,
				8AEB1BFA4F9E49408518F2F1 /* DeskSnapshot.swift */,
			);
			path = Models;
			sourceTree = "<group>";
		};
		2D1A3137E6B74250BCCE8A09 /* Services */ = {
			isa = PBXGroup;
			children = (
				4544F1B14C1848B3A0625549 /* CacheStore.swift */,
				965A39FC5F2047DD89F4A62F /* DeskAPIClient.swift */,
				1F73ED04DEF54036AFB8EC70 /* PrivateHostPolicy.swift */,
				C75282348639400EB6DDC42C /* SyncService.swift */,
			);
			path = Services;
			sourceTree = "<group>";
		};
		231DA40782AF4C789E9F251F /* Views */ = {
			isa = PBXGroup;
			children = (
				2B800869570241A490F8BC76 /* ChartsView.swift */,
				64B3963EEF5248F6B65F432A /* DeskView.swift */,
				7D6E27D0C86F424B88EE82F2 /* PendingListView.swift */,
				49318D0CC6E143AAA1555618 /* RootView.swift */,
				9E6AC46BE5914858AA4431A5 /* SettingsView.swift */,
				BE027349E12B4BDFB67B3DBA /* SlipView.swift */,
			);
			path = Views;
			sourceTree = "<group>";
		};
/* End PBXGroup section */

/* Begin PBXNativeTarget section */
		880089C8FF214801869BF38E /* NTDesk */ = {
			isa = PBXNativeTarget;
			buildConfigurationList = 47F9A00E74D343DFBECA83C9 /* Build configuration list for PBXNativeTarget "NTDesk" */;
			buildPhases = (
				8D8DBFD8E1094DBDAB22F594 /* Sources */,
				3B6AF8B309C24FDFA06C1428 /* Frameworks */,
				35B1D08D94824109B5F82006 /* Resources */,
			);
			buildRules = (
			);
			dependencies = (
			);
			name = NTDesk;
			productName = NTDesk;
			productReference = 848437EA320F44D9A1F3E5AD /* NTDesk.app */;
			productType = "com.apple.product-type.application";
		};
/* End PBXNativeTarget section */

/* Begin PBXProject section */
		7E41CA327F494F449F259CA3 /* Project object */ = {
			isa = PBXProject;
			attributes = {
				BuildIndependentTargetsInParallel = 1;
				LastSwiftUpdateCheck = 1500;
				LastUpgradeCheck = 1500;
				TargetAttributes = {
					880089C8FF214801869BF38E = {
						CreatedOnToolsVersion = 15.0;
					};
				};
			};
			buildConfigurationList = 16854CEEF2DF46FF87142795 /* Build configuration list for PBXProject "NTDesk" */;
			compatibilityVersion = "Xcode 14.0";
			developmentRegion = en;
			hasScannedForEncodings = 0;
			knownRegions = (
				en,
				Base,
			);
			mainGroup = 3176D2C4D01D4821815C5F59;
			productRefGroup = A33091FEC3134DA2BACC85B6 /* Products */;
			projectDirPath = "";
			projectRoot = "";
			targets = (
				880089C8FF214801869BF38E /* NTDesk */,
			);
		};
/* End PBXProject section */

/* Begin PBXResourcesBuildPhase section */
		35B1D08D94824109B5F82006 /* Resources */ = {
			isa = PBXResourcesBuildPhase;
			buildActionMask = 2147483647;
			files = (
				CB91B236D5F7C7144AA1B55E /* Assets.xcassets in Resources */,
				D4E5F6A7B8C94D0E1F2A3B4C /* PrivacyInfo.xcprivacy in Resources */,
			);
			runOnlyForDeploymentPostprocessing = 0;
		};
/* End PBXResourcesBuildPhase section */

/* Begin PBXSourcesBuildPhase section */
		8D8DBFD8E1094DBDAB22F594 /* Sources */ = {
			isa = PBXSourcesBuildPhase;
			buildActionMask = 2147483647;
			files = (
				4BA9D7AA6D714D6F910BED51 /* CacheEnvelope.swift in Sources */,
				5733BE05234D4B469B6F6357 /* DeskSnapshot.swift in Sources */,
				E3B44F72446B4435A6F92B8C /* NTDeskApp.swift in Sources */,
				710ECB7CA555499BB575330B /* CacheStore.swift in Sources */,
				518DBD775FE644599D68FD6C /* DeskAPIClient.swift in Sources */,
				02500C5084F54662BCBB9D79 /* PrivateHostPolicy.swift in Sources */,
				0DDFCD6BF58E47FD8D033C60 /* SyncService.swift in Sources */,
				7386E4EB0A584CD58E467CA9 /* ChartsView.swift in Sources */,
				6F4AF4EB9E094DDDB2DCEC87 /* DeskView.swift in Sources */,
				A292ED1DF0D743FC8AC0E623 /* PendingListView.swift in Sources */,
				86A1EAEF46144C9EA4903E56 /* RootView.swift in Sources */,
				D2EB199DB8424737B2E17533 /* SettingsView.swift in Sources */,
				43074185315343D497370947 /* SlipView.swift in Sources */,
				433FAE3AD3044C65A3768EA6 /* Color+Hex.swift in Sources */,
				3C9087B488054EE288DC4DAC /* DeskTheme.swift in Sources */,
				DE90BB1B9CC04018B9BC8B05 /* DeskSpacing.swift in Sources */,
				91F7C6B3DB424374BD0A2590 /* DeskTypography.swift in Sources */,
				66CC323A1C1340AEB2F2AB74 /* DeskFormatters.swift in Sources */,
				754812D293BB431DBCE73393 /* MetricCard.swift in Sources */,
				5EC5B62D213F49F7B232777E /* DeskCard.swift in Sources */,
				E84002870C2349519C0A75A6 /* StatusPill.swift in Sources */,
				38C4C7F4264144B084C95275 /* FreshnessBanner.swift in Sources */,
				A1B2C3D4E5F6471890ABCDEF /* RiskGaugeCard.swift in Sources */,
				A7C3E91F4B2D4E6A9F1C8D05 /* EmptyDeskView.swift in Sources */,
			);
			runOnlyForDeploymentPostprocessing = 0;
		};
/* End PBXSourcesBuildPhase section */

/* Begin XCBuildConfiguration section */
		8E5DC41DD454486EB2856082 /* Debug */ = {
			isa = XCBuildConfiguration;
			buildSettings = {
				ALWAYS_SEARCH_USER_PATHS = NO;
				CLANG_ENABLE_MODULES = YES;
				COPY_PHASE_STRIP = NO;
				DEBUG_INFORMATION_FORMAT = dwarf;
				GCC_DYNAMIC_NO_PIC = NO;
				GCC_OPTIMIZATION_LEVEL = 0;
				IPHONEOS_DEPLOYMENT_TARGET = 17.0;
				ONLY_ACTIVE_ARCH = YES;
				SDKROOT = iphoneos;
				SWIFT_ACTIVE_COMPILATION_CONDITIONS = DEBUG;
				SWIFT_OPTIMIZATION_LEVEL = "-Onone";
			};
			name = Debug;
		};
		C47CC76CCD45442483CD0210 /* Release */ = {
			isa = XCBuildConfiguration;
			buildSettings = {
				ALWAYS_SEARCH_USER_PATHS = NO;
				CLANG_ENABLE_MODULES = YES;
				COPY_PHASE_STRIP = NO;
				DEBUG_INFORMATION_FORMAT = "dwarf-with-dsym";
				IPHONEOS_DEPLOYMENT_TARGET = 17.0;
				SDKROOT = iphoneos;
				SWIFT_COMPILATION_MODE = wholemodule;
				VALIDATE_PRODUCT = YES;
			};
			name = Release;
		};
		F320446E1AF141E78C280BAB /* Debug */ = {
			isa = XCBuildConfiguration;
			buildSettings = {
				ASSETCATALOG_COMPILER_APPICON_NAME = AppIcon;
				ASSETCATALOG_COMPILER_GLOBAL_ACCENT_COLOR_NAME = AccentColor;
				CODE_SIGNING_ALLOWED = NO;
				CODE_SIGNING_REQUIRED = NO;
				CODE_SIGN_IDENTITY = "";
				CODE_SIGN_STYLE = Manual;
				CURRENT_PROJECT_VERSION = 1;
				DEVELOPMENT_TEAM = "";
				ENABLE_PREVIEWS = YES;
				GENERATE_INFOPLIST_FILE = NO;
				INFOPLIST_FILE = NTDesk/Info.plist;
				INFOPLIST_KEY_UIApplicationSupportsIndirectInputEvents = YES;
				LD_RUNPATH_SEARCH_PATHS = (
					"$(inherited)",
					"@executable_path/Frameworks",
				);
				MARKETING_VERSION = 1.0;
				PRODUCT_BUNDLE_IDENTIFIER = com.simsalabim.ntdesk;
				PRODUCT_NAME = "$(TARGET_NAME)";
				SUPPORTED_PLATFORMS = "iphoneos iphonesimulator";
				SUPPORTS_MACCATALYST = NO;
				SWIFT_EMIT_LOC_STRINGS = YES;
				SWIFT_VERSION = 5.0;
				TARGETED_DEVICE_FAMILY = "1,2";
			};
			name = Debug;
		};
		1D24D7336528444AAEDF924F /* Release */ = {
			isa = XCBuildConfiguration;
			buildSettings = {
				ASSETCATALOG_COMPILER_APPICON_NAME = AppIcon;
				ASSETCATALOG_COMPILER_GLOBAL_ACCENT_COLOR_NAME = AccentColor;
				CODE_SIGNING_ALLOWED = NO;
				CODE_SIGNING_REQUIRED = NO;
				CODE_SIGN_IDENTITY = "";
				CODE_SIGN_STYLE = Manual;
				CURRENT_PROJECT_VERSION = 1;
				DEVELOPMENT_TEAM = "";
				ENABLE_PREVIEWS = YES;
				GENERATE_INFOPLIST_FILE = NO;
				INFOPLIST_FILE = NTDesk/Info.plist;
				INFOPLIST_KEY_UIApplicationSupportsIndirectInputEvents = YES;
				LD_RUNPATH_SEARCH_PATHS = (
					"$(inherited)",
					"@executable_path/Frameworks",
				);
				MARKETING_VERSION = 1.0;
				PRODUCT_BUNDLE_IDENTIFIER = com.simsalabim.ntdesk;
				PRODUCT_NAME = "$(TARGET_NAME)";
				SUPPORTED_PLATFORMS = "iphoneos iphonesimulator";
				SUPPORTS_MACCATALYST = NO;
				SWIFT_EMIT_LOC_STRINGS = YES;
				SWIFT_VERSION = 5.0;
				TARGETED_DEVICE_FAMILY = "1,2";
			};
			name = Release;
		};
/* End XCBuildConfiguration section */

/* Begin XCConfigurationList section */
		16854CEEF2DF46FF87142795 /* Build configuration list for PBXProject "NTDesk" */ = {
			isa = XCConfigurationList;
			buildConfigurations = (
				8E5DC41DD454486EB2856082 /* Debug */,
				C47CC76CCD45442483CD0210 /* Release */,
			);
			defaultConfigurationIsVisible = 0;
			defaultConfigurationName = Release;
		};
		47F9A00E74D343DFBECA83C9 /* Build configuration list for PBXNativeTarget "NTDesk" */ = {
			isa = XCConfigurationList;
			buildConfigurations = (
				F320446E1AF141E78C280BAB /* Debug */,
				1D24D7336528444AAEDF924F /* Release */,
			);
			defaultConfigurationIsVisible = 0;
			defaultConfigurationName = Release;
		};
/* End XCConfigurationList section */
	};
	rootObject = 7E41CA327F494F449F259CA3 /* Project object */;
}
