// !$*UTF8*$!
{
	archiveVersion = 1;
	classes = {
	};
	objectVersion = 56;
	objects = {

/* Begin PBXBuildFile section */
		CA1A1B2C3D4E5F6000000004 /* SecureBucketCard.swift in Sources */ = {isa = PBXBuildFile; fileRef = CA1A1B2C3D4E5F6000000014 /* SecureBucketCard.swift */; };
		CA1A1B2C3D4E5F6000000003 /* MorningSummaryCard.swift in Sources */ = {isa = PBXBuildFile; fileRef = CA1A1B2C3D4E5F6000000013 /* MorningSummaryCard.swift */; };
		CA1A1B2C3D4E5F6000000002 /* EquitySparklineView.swift in Sources */ = {isa = PBXBuildFile; fileRef = CA1A1B2C3D4E5F6000000012 /* EquitySparklineView.swift */; };
		CA1A1B2C3D4E5F6000000001 /* NetworkPathMonitor.swift in Sources */ = {isa = PBXBuildFile; fileRef = CA1A1B2C3D4E5F6000000011 /* NetworkPathMonitor.swift */; };
		C91A1B2C3D4E5F6000000002 /* CacheDebugExport.swift in Sources */ = {isa = PBXBuildFile; fileRef = C91A1B2C3D4E5F6000000012 /* CacheDebugExport.swift */; };
		C91A1B2C3D4E5F6000000001 /* Haptics.swift in Sources */ = {isa = PBXBuildFile; fileRef = C91A1B2C3D4E5F6000000011 /* Haptics.swift */; };
		C81A1B2C3D4E5F6000000001 /* ConnectionQuality.swift in Sources */ = {isa = PBXBuildFile; fileRef = C81A1B2C3D4E5F6000000011 /* ConnectionQuality.swift */; };
		CB91B236D5F7C7144AA1B55E /* Assets.xcassets in Resources */ = {isa = PBXBuildFile; fileRef = B5E4BCA51612EB4937DB848A /* Assets.xcassets */; };
		D4E5F6A7B8C94D0E1F2A3B4C /* PrivacyInfo.xcprivacy in Resources */ = {isa = PBXBuildFile; fileRef = C1D2E3F4A5B60718293A4B5C /* PrivacyInfo.xcprivacy */; };
		4BA9D7AA6D714D6F910BED51 /* CacheEnvelope.swift in Sources */ = {isa = PBXBuildFile; fileRef = 89153251FF794878B656A195 /* CacheEnvelope.swift */; };
		5733BE05234D4B469B6F6357 /* DeskSnapshot.swift in Sources */ = {isa = PBXBuildFile; fileRef = 8AEB1BFA4F9E49408518F2F1 /* DeskSnapshot.swift */; };
		E3B44F72446B4435A6F92B8C /* NTDeskApp.swift in Sources */ = {isa = PBXBuildFile; fileRef = 27EE6A4556014ACB90E60C91 /* NTDeskApp.swift */; };
		710ECB7CA555499BB575330B /* CacheStore.swift in Sources */ = {isa = PBXBuildFile; fileRef = 4544F1B14C1848B3A0625549 /* CacheStore.swift */; };
		518DBD775FE644599D68FD6C /* DeskAPIClient.swift in Sources */ = {isa = PBXBuildFile; fileRef = 965A39FC5F2047DD89F4A62F /* DeskAPIClient.swift */; };
		02500C5084F54662BCBB9D79 /* PrivateHostPolicy.swift in Sources */ = {isa = PBXBuildFile; fileRef = 1F73ED04DEF54036AFB8EC70 /* PrivateHostPolicy.swift */; };
		0DDFCD6BF58E47FD8D033C60 /* SyncService.swift in Sources */ = {isa = PBXBuildFile; fileRef = C75282348639400EB6DDC42C /* SyncService.swift */; };
		7386E4EB0A584CD58E467CA9 /* ChartsView.swift in Sources */ = {isa = PBXBuildFile; fileRef = 2B800869570241A490F8BC76 /* ChartsView.swift */; };
		6F4AF4EB9E094DDDB2DCEC87 /* DeskView.swift in Sources */ = {isa = PBXBuildFile; fileRef = 64B3963EEF5248F6B65F432A /* DeskView.swift */; };
		A292ED1DF0D743FC8AC0E623 /* PendingListView.swift in Sources */ = {isa = PBXBuildFile; fileRef = 7D6E27D0C86F424B88EE82F2 /* PendingListView.swift */; };
		D2EB199DB8424737B2E17533 /* SettingsView.swift in Sources */ = {isa = PBXBuildFile; fileRef = 9E6AC46BE5914858AA4431A5 /* SettingsView.swift */; };
		43074185315343D497370947 /* SlipView.swift in Sources */ = {isa = PBXBuildFile; fileRef = BE027349E12B4BDFB67B3DBA /* SlipView.swift */; };
		433FAE3AD3044C65A3768EA6 /* Color+Hex.swift in Sources */ = {isa = PBXBuildFile; fileRef = 459296BA0024409386108622 /* Color+Hex.swift */; };
		3C9087B488054EE288DC4DAC /* DeskTheme.swift in Sources */ = {isa = PBXBuildFile; fileRef = 9016FB0E7E8A4929A2708216 /* DeskTheme.swift */; };
		DE90BB1B9CC04018B9BC8B05 /* DeskSpacing.swift in Sources */ = {isa = PBXBuildFile; fileRef = E926D1ED8A694AB79F8F8B98 /* DeskSpacing.swift */; };
		91F7C6B3DB424374BD0A2590 /* DeskTypography.swift in Sources */ = {isa = PBXBuildFile; fileRef = B370D56E4ED14EBCA7E78EB5 /* DeskTypography.swift */; };
		66CC323A1C1340AEB2F2AB74 /* DeskFormatters.swift in Sources */ = {isa = PBXBuildFile; fileRef = 9E2A6EE90C0C46C3A05FCCE8 /* DeskFormatters.swift */; };
		754812D293BB431DBCE73393 /* MetricCard.swift in Sources */ = {isa = PBXBuildFile; fileRef = B3F9BD0E9C5E44339F56C699 /* MetricCard.swift */; };
		5EC5B62D213F49F7B232777E /* DeskCard.swift in Sources */ = {isa = PBXBuildFile; fileRef = 662843DAEBD7427A95AC89B8 /* DeskCard.swift */; };
		E84002870C2349519C0A75A6 /* StatusPill.swift in Sources */ = {isa = PBXBuildFile; fileRef = 6C956EA299234BF1BC01281C /* StatusPill.swift */; };
		38C4C7F4264144B084C95275 /* FreshnessBanner.swift in Sources */ = {isa = PBXBuildFile; fileRef = 8BABF7F3046C4854B0C6B736 /* FreshnessBanner.swift */; };
		A1B2C3D4E5F6471890ABCDEF /* RiskGaugeCard.swift in Sources */ = {isa = PBXBuildFile; fileRef = F1E2D3C4B5A6978800112233 /* RiskGaugeCard.swift */; };
		A7C3E91F4B2D4E6A9F1C8D05 /* EmptyDeskView.swift in Sources */ = {isa = PBXBuildFile; fileRef = B8D4F025C3E4F7B0A2D9E160 /* EmptyDeskView.swift */; };
		A11A1B2C3D4E5F6000000001 /* LegacyRootView.swift in Sources */ = {isa = PBXBuildFile; fileRef = A11A1B2C3D4E5F6000000011 /* LegacyRootView.swift */; };
		A11A1B2C3D4E5F6000000002 /* LegacyDeskView.swift in Sources */ = {isa = PBXBuildFile; fileRef = A11A1B2C3D4E5F6000000012 /* LegacyDeskView.swift */; };
		A11A1B2C3D4E5F6000000003 /* LegacyChartsView.swift in Sources */ = {isa = PBXBuildFile; fileRef = A11A1B2C3D4E5F6000000013 /* LegacyChartsView.swift */; };
		A11A1B2C3D4E5F6000000004 /* LegacyPendingListView.swift in Sources */ = {isa = PBXBuildFile; fileRef = A11A1B2C3D4E5F6000000014 /* LegacyPendingListView.swift */; };
		A11A1B2C3D4E5F6000000005 /* LegacySlipView.swift in Sources */ = {isa = PBXBuildFile; fileRef = A11A1B2C3D4E5F6000000015 /* LegacySlipView.swift */; };
		A11A1B2C3D4E5F6000000006 /* LegacySettingsView.swift in Sources */ = {isa = PBXBuildFile; fileRef = A11A1B2C3D4E5F6000000016 /* LegacySettingsView.swift */; };
		A21A1B2C3D4E5F6000000001 /* AppRootView.swift in Sources */ = {isa = PBXBuildFile; fileRef = A21A1B2C3D4E5F6000000011 /* AppRootView.swift */; };
		A21A1B2C3D4E5F6000000002 /* DeskTab.swift in Sources */ = {isa = PBXBuildFile; fileRef = A21A1B2C3D4E5F6000000012 /* DeskTab.swift */; };
		A21A1B2C3D4E5F6000000003 /* OpenSettingsKey.swift in Sources */ = {isa = PBXBuildFile; fileRef = A21A1B2C3D4E5F6000000013 /* OpenSettingsKey.swift */; };
		A21A1B2C3D4E5F6000000004 /* DeskScreenChrome.swift in Sources */ = {isa = PBXBuildFile; fileRef = A21A1B2C3D4E5F6000000014 /* DeskScreenChrome.swift */; };
		A21A1B2C3D4E5F6000000005 /* LegacyDeskTab.swift in Sources */ = {isa = PBXBuildFile; fileRef = A21A1B2C3D4E5F6000000015 /* LegacyDeskTab.swift */; };
		B11A1B2C3D4E5F6000000001 /* PrivateHostPolicyTests.swift in Sources */ = {isa = PBXBuildFile; fileRef = B11A1B2C3D4E5F6000000011 /* PrivateHostPolicyTests.swift */; };
		P21A1B2C3D4E5F6000000001 /* ConnectionProfile.swift in Sources */ = {isa = PBXBuildFile; fileRef = P21A1B2C3D4E5F6000000011 /* ConnectionProfile.swift */; };
		P21A1B2C3D4E5F6000000002 /* ConnectionProfileStore.swift in Sources */ = {isa = PBXBuildFile; fileRef = P21A1B2C3D4E5F6000000012 /* ConnectionProfileStore.swift */; };
		P21A1B2C3D4E5F6000000003 /* ConnectionSettingsView.swift in Sources */ = {isa = PBXBuildFile; fileRef = P21A1B2C3D4E5F6000000013 /* ConnectionSettingsView.swift */; };
		P21A1B2C3D4E5F6000000004 /* ProfilesListView.swift in Sources */ = {isa = PBXBuildFile; fileRef = P21A1B2C3D4E5F6000000014 /* ProfilesListView.swift */; };
		P21A1B2C3D4E5F6000000005 /* ConnectionProfileStoreTests.swift in Sources */ = {isa = PBXBuildFile; fileRef = P21A1B2C3D4E5F6000000015 /* ConnectionProfileStoreTests.swift */; };
		D71A1B2C3D4E5F6000000001 /* DeskFormattersTests.swift in Sources */ = {isa = PBXBuildFile; fileRef = D71A1B2C3D4E5F6000000011 /* DeskFormattersTests.swift */; };

		C31A1B2C3D4E5F6000000001 /* PlaceTheseDocument.swift in Sources */ = {isa = PBXBuildFile; fileRef = C31A1B2C3D4E5F6000000011 /* PlaceTheseDocument.swift */; };
		C31A1B2C3D4E5F6000000002 /* PlaceTheseParser.swift in Sources */ = {isa = PBXBuildFile; fileRef = C31A1B2C3D4E5F6000000012 /* PlaceTheseParser.swift */; };
		C31A1B2C3D4E5F6000000003 /* SlipMetaHeader.swift in Sources */ = {isa = PBXBuildFile; fileRef = C31A1B2C3D4E5F6000000013 /* SlipMetaHeader.swift */; };
		C31A1B2C3D4E5F6000000004 /* SlipBetCard.swift in Sources */ = {isa = PBXBuildFile; fileRef = C31A1B2C3D4E5F6000000014 /* SlipBetCard.swift */; };
		C31A1B2C3D4E5F6000000005 /* StatusDocumentView.swift in Sources */ = {isa = PBXBuildFile; fileRef = C31A1B2C3D4E5F6000000015 /* StatusDocumentView.swift */; };
		C31A1B2C3D4E5F6000000006 /* MarkdownFallbackView.swift in Sources */ = {isa = PBXBuildFile; fileRef = C31A1B2C3D4E5F6000000016 /* MarkdownFallbackView.swift */; };
		C31A1B2C3D4E5F6000000007 /* PlaceTheseParserTests.swift in Sources */ = {isa = PBXBuildFile; fileRef = C31A1B2C3D4E5F6000000017 /* PlaceTheseParserTests.swift */; };
		C31A1B2C3D4E5F6000000008 /* PlaceTheseRowsPreviewTests.swift in Sources */ = {isa = PBXBuildFile; fileRef = C31A1B2C3D4E5F6000000018 /* PlaceTheseRowsPreviewTests.swift */; };
		C31A1B2C3D4E5F6000000031 /* PLACE_THESE_2026-07-12.md in Resources */ = {isa = PBXBuildFile; fileRef = C31A1B2C3D4E5F6000000021 /* PLACE_THESE_2026-07-12.md */; };
		C31A1B2C3D4E5F6000000032 /* PLACE_THESE_empty.md in Resources */ = {isa = PBXBuildFile; fileRef = C31A1B2C3D4E5F6000000022 /* PLACE_THESE_empty.md */; };
		C31A1B2C3D4E5F6000000033 /* desk_sample_v1.json in Resources */ = {isa = PBXBuildFile; fileRef = C31A1B2C3D4E5F6000000023 /* desk_sample_v1.json */; };
		C41A1B2C3D4E5F6000000001 /* PendingBetRoute.swift in Sources */ = {isa = PBXBuildFile; fileRef = C41A1B2C3D4E5F6000000011 /* PendingBetRoute.swift */; };
		C41A1B2C3D4E5F6000000002 /* PendingBetRow.swift in Sources */ = {isa = PBXBuildFile; fileRef = C41A1B2C3D4E5F6000000012 /* PendingBetRow.swift */; };
		C41A1B2C3D4E5F6000000003 /* PendingBetDetailView.swift in Sources */ = {isa = PBXBuildFile; fileRef = C41A1B2C3D4E5F6000000013 /* PendingBetDetailView.swift */; };
		C41A1B2C3D4E5F6000000004 /* PendingBetRouteTests.swift in Sources */ = {isa = PBXBuildFile; fileRef = C41A1B2C3D4E5F6000000014 /* PendingBetRouteTests.swift */; };
		C51A1B2C3D4E5F6000000001 /* ChartSeries.swift in Sources */ = {isa = PBXBuildFile; fileRef = C51A1B2C3D4E5F6000000011 /* ChartSeries.swift */; };
		C51A1B2C3D4E5F60000000D1 /* MobileAPICompatibility.swift in Sources */ = {isa = PBXBuildFile; fileRef = C51A1B2C3D4E5F60000000E1 /* MobileAPICompatibility.swift */; };
		C51A1B2C3D4E5F6000000002 /* ChartDataBuilder.swift in Sources */ = {isa = PBXBuildFile; fileRef = C51A1B2C3D4E5F6000000012 /* ChartDataBuilder.swift */; };
		C51A1B2C3D4E5F6000000003 /* ChartSelectionCallout.swift in Sources */ = {isa = PBXBuildFile; fileRef = C51A1B2C3D4E5F6000000013 /* ChartSelectionCallout.swift */; };
		C51A1B2C3D4E5F6000000004 /* ChartExpandedContainer.swift in Sources */ = {isa = PBXBuildFile; fileRef = C51A1B2C3D4E5F6000000014 /* ChartExpandedContainer.swift */; };
		C51A1B2C3D4E5F6000000005 /* ChartAxisSupport.swift in Sources */ = {isa = PBXBuildFile; fileRef = C51A1B2C3D4E5F6000000015 /* ChartAxisSupport.swift */; };
		C51A1B2C3D4E5F6000000006 /* EquityChartView.swift in Sources */ = {isa = PBXBuildFile; fileRef = C51A1B2C3D4E5F6000000016 /* EquityChartView.swift */; };
		C51A1B2C3D4E5F6000000007 /* DailyPLChartView.swift in Sources */ = {isa = PBXBuildFile; fileRef = C51A1B2C3D4E5F6000000017 /* DailyPLChartView.swift */; };
		C51A1B2C3D4E5F600000000C /* PerformanceCalendarView.swift in Sources */ = {isa = PBXBuildFile; fileRef = C51A1B2C3D4E5F600000001C /* PerformanceCalendarView.swift */; };
		C51A1B2C3D4E5F6000000008 /* DrawdownChartView.swift in Sources */ = {isa = PBXBuildFile; fileRef = C51A1B2C3D4E5F6000000018 /* DrawdownChartView.swift */; };
		C51A1B2C3D4E5F6000000009 /* SportChartView.swift in Sources */ = {isa = PBXBuildFile; fileRef = C51A1B2C3D4E5F6000000019 /* SportChartView.swift */; };
		C51A1B2C3D4E5F600000000A /* ChartDataBuilderTests.swift in Sources */ = {isa = PBXBuildFile; fileRef = C51A1B2C3D4E5F600000001A /* ChartDataBuilderTests.swift */; };
		C51A1B2C3D4E5F600000000B /* ChartSelectionRuleOverlay.swift in Sources */ = {isa = PBXBuildFile; fileRef = C51A1B2C3D4E5F600000001B /* ChartSelectionRuleOverlay.swift */; };
		P61A1B2C3D4E5F6000000001 /* ServerDiscoveryService.swift in Sources */ = {isa = PBXBuildFile; fileRef = P61A1B2C3D4E5F6000000011 /* ServerDiscoveryService.swift */; };
		P61A1B2C3D4E5F6000000002 /* DiscoverySheet.swift in Sources */ = {isa = PBXBuildFile; fileRef = P61A1B2C3D4E5F6000000012 /* DiscoverySheet.swift */; };
		P61A1B2C3D4E5F6000000003 /* ServerDiscoveryServiceTests.swift in Sources */ = {isa = PBXBuildFile; fileRef = P61A1B2C3D4E5F6000000013 /* ServerDiscoveryServiceTests.swift */; };
		P91A1B2C3D4E5F6000000001 /* AppLockService.swift in Sources */ = {isa = PBXBuildFile; fileRef = P91A1B2C3D4E5F6000000011 /* AppLockService.swift */; };
		P91A1B2C3D4E5F6000000002 /* DeskRuntime.swift in Sources */ = {isa = PBXBuildFile; fileRef = P91A1B2C3D4E5F6000000012 /* DeskRuntime.swift */; };
		P91A1B2C3D4E5F6000000003 /* AppLockGateView.swift in Sources */ = {isa = PBXBuildFile; fileRef = P91A1B2C3D4E5F6000000013 /* AppLockGateView.swift */; };
		P91A1B2C3D4E5F6000000004 /* SyncDeskIntent.swift in Sources */ = {isa = PBXBuildFile; fileRef = P91A1B2C3D4E5F6000000014 /* SyncDeskIntent.swift */; };
		P91A1B2C3D4E5F6000000005 /* AppLockServiceTests.swift in Sources */ = {isa = PBXBuildFile; fileRef = P91A1B2C3D4E5F6000000015 /* AppLockServiceTests.swift */; };
/* End PBXBuildFile section */

/* Begin PBXContainerItemProxy section */
		B11A1B2C3D4E5F6000000030 /* PBXContainerItemProxy */ = {
			isa = PBXContainerItemProxy;
			containerPortal = 7E41CA327F494F449F259CA3 /* Project object */;
			proxyType = 1;
			remoteGlobalIDString = 880089C8FF214801869BF38E;
			remoteInfo = NTDesk;
		};
/* End PBXContainerItemProxy section */

/* Begin PBXFileReference section */
		CA1A1B2C3D4E5F6000000014 /* SecureBucketCard.swift */ = {isa = PBXFileReference; lastKnownFileType = sourcecode.swift; path = SecureBucketCard.swift; sourceTree = "<group>"; };
		CA1A1B2C3D4E5F6000000013 /* MorningSummaryCard.swift */ = {isa = PBXFileReference; lastKnownFileType = sourcecode.swift; path = MorningSummaryCard.swift; sourceTree = "<group>"; };
		CA1A1B2C3D4E5F6000000012 /* EquitySparklineView.swift */ = {isa = PBXFileReference; lastKnownFileType = sourcecode.swift; path = EquitySparklineView.swift; sourceTree = "<group>"; };
		CA1A1B2C3D4E5F6000000011 /* NetworkPathMonitor.swift */ = {isa = PBXFileReference; lastKnownFileType = sourcecode.swift; path = NetworkPathMonitor.swift; sourceTree = "<group>"; };
		C91A1B2C3D4E5F6000000012 /* CacheDebugExport.swift */ = {isa = PBXFileReference; lastKnownFileType = sourcecode.swift; path = CacheDebugExport.swift; sourceTree = "<group>"; };
		C91A1B2C3D4E5F6000000011 /* Haptics.swift */ = {isa = PBXFileReference; lastKnownFileType = sourcecode.swift; path = Haptics.swift; sourceTree = "<group>"; };
		C81A1B2C3D4E5F6000000011 /* ConnectionQuality.swift */ = {isa = PBXFileReference; lastKnownFileType = sourcecode.swift; path = ConnectionQuality.swift; sourceTree = "<group>"; };
		89153251FF794878B656A195 /* CacheEnvelope.swift */ = {isa = PBXFileReference; lastKnownFileType = sourcecode.swift; path = CacheEnvelope.swift; sourceTree = "<group>"; };
		8AEB1BFA4F9E49408518F2F1 /* DeskSnapshot.swift */ = {isa = PBXFileReference; lastKnownFileType = sourcecode.swift; path = DeskSnapshot.swift; sourceTree = "<group>"; };
		27EE6A4556014ACB90E60C91 /* NTDeskApp.swift */ = {isa = PBXFileReference; lastKnownFileType = sourcecode.swift; path = NTDeskApp.swift; sourceTree = "<group>"; };
		4544F1B14C1848B3A0625549 /* CacheStore.swift */ = {isa = PBXFileReference; lastKnownFileType = sourcecode.swift; path = CacheStore.swift; sourceTree = "<group>"; };
		965A39FC5F2047DD89F4A62F /* DeskAPIClient.swift */ = {isa = PBXFileReference; lastKnownFileType = sourcecode.swift; path = DeskAPIClient.swift; sourceTree = "<group>"; };
		1F73ED04DEF54036AFB8EC70 /* PrivateHostPolicy.swift */ = {isa = PBXFileReference; lastKnownFileType = sourcecode.swift; path = PrivateHostPolicy.swift; sourceTree = "<group>"; };
		C75282348639400EB6DDC42C /* SyncService.swift */ = {isa = PBXFileReference; lastKnownFileType = sourcecode.swift; path = SyncService.swift; sourceTree = "<group>"; };
		2B800869570241A490F8BC76 /* ChartsView.swift */ = {isa = PBXFileReference; lastKnownFileType = sourcecode.swift; path = ChartsView.swift; sourceTree = "<group>"; };
		64B3963EEF5248F6B65F432A /* DeskView.swift */ = {isa = PBXFileReference; lastKnownFileType = sourcecode.swift; path = DeskView.swift; sourceTree = "<group>"; };
		7D6E27D0C86F424B88EE82F2 /* PendingListView.swift */ = {isa = PBXFileReference; lastKnownFileType = sourcecode.swift; path = PendingListView.swift; sourceTree = "<group>"; };
		9E6AC46BE5914858AA4431A5 /* SettingsView.swift */ = {isa = PBXFileReference; lastKnownFileType = sourcecode.swift; path = SettingsView.swift; sourceTree = "<group>"; };
		BE027349E12B4BDFB67B3DBA /* SlipView.swift */ = {isa = PBXFileReference; lastKnownFileType = sourcecode.swift; path = SlipView.swift; sourceTree = "<group>"; };
		459296BA0024409386108622 /* Color+Hex.swift */ = {isa = PBXFileReference; lastKnownFileType = sourcecode.swift; path = "Color+Hex.swift"; sourceTree = "<group>"; };
		9016FB0E7E8A4929A2708216 /* DeskTheme.swift */ = {isa = PBXFileReference; lastKnownFileType = sourcecode.swift; path = DeskTheme.swift; sourceTree = "<group>"; };
		E926D1ED8A694AB79F8F8B98 /* DeskSpacing.swift */ = {isa = PBXFileReference; lastKnownFileType = sourcecode.swift; path = DeskSpacing.swift; sourceTree = "<group>"; };
		B370D56E4ED14EBCA7E78EB5 /* DeskTypography.swift */ = {isa = PBXFileReference; lastKnownFileType = sourcecode.swift; path = DeskTypography.swift; sourceTree = "<group>"; };
		9E2A6EE90C0C46C3A05FCCE8 /* DeskFormatters.swift */ = {isa = PBXFileReference; lastKnownFileType = sourcecode.swift; path = DeskFormatters.swift; sourceTree = "<group>"; };
		B3F9BD0E9C5E44339F56C699 /* MetricCard.swift */ = {isa = PBXFileReference; lastKnownFileType = sourcecode.swift; path = MetricCard.swift; sourceTree = "<group>"; };
		662843DAEBD7427A95AC89B8 /* DeskCard.swift */ = {isa = PBXFileReference; lastKnownFileType = sourcecode.swift; path = DeskCard.swift; sourceTree = "<group>"; };
		6C956EA299234BF1BC01281C /* StatusPill.swift */ = {isa = PBXFileReference; lastKnownFileType = sourcecode.swift; path = StatusPill.swift; sourceTree = "<group>"; };
		8BABF7F3046C4854B0C6B736 /* FreshnessBanner.swift */ = {isa = PBXFileReference; lastKnownFileType = sourcecode.swift; path = FreshnessBanner.swift; sourceTree = "<group>"; };
		F1E2D3C4B5A6978800112233 /* RiskGaugeCard.swift */ = {isa = PBXFileReference; lastKnownFileType = sourcecode.swift; path = RiskGaugeCard.swift; sourceTree = "<group>"; };
		B8D4F025C3E4F7B0A2D9E160 /* EmptyDeskView.swift */ = {isa = PBXFileReference; lastKnownFileType = sourcecode.swift; path = EmptyDeskView.swift; sourceTree = "<group>"; };
		A11A1B2C3D4E5F6000000011 /* LegacyRootView.swift */ = {isa = PBXFileReference; lastKnownFileType = sourcecode.swift; path = LegacyRootView.swift; sourceTree = "<group>"; };
		A11A1B2C3D4E5F6000000012 /* LegacyDeskView.swift */ = {isa = PBXFileReference; lastKnownFileType = sourcecode.swift; path = LegacyDeskView.swift; sourceTree = "<group>"; };
		A11A1B2C3D4E5F6000000013 /* LegacyChartsView.swift */ = {isa = PBXFileReference; lastKnownFileType = sourcecode.swift; path = LegacyChartsView.swift; sourceTree = "<group>"; };
		A11A1B2C3D4E5F6000000014 /* LegacyPendingListView.swift */ = {isa = PBXFileReference; lastKnownFileType = sourcecode.swift; path = LegacyPendingListView.swift; sourceTree = "<group>"; };
		A11A1B2C3D4E5F6000000015 /* LegacySlipView.swift */ = {isa = PBXFileReference; lastKnownFileType = sourcecode.swift; path = LegacySlipView.swift; sourceTree = "<group>"; };
		A11A1B2C3D4E5F6000000016 /* LegacySettingsView.swift */ = {isa = PBXFileReference; lastKnownFileType = sourcecode.swift; path = LegacySettingsView.swift; sourceTree = "<group>"; };
		A21A1B2C3D4E5F6000000011 /* AppRootView.swift */ = {isa = PBXFileReference; lastKnownFileType = sourcecode.swift; path = AppRootView.swift; sourceTree = "<group>"; };
		A21A1B2C3D4E5F6000000012 /* DeskTab.swift */ = {isa = PBXFileReference; lastKnownFileType = sourcecode.swift; path = DeskTab.swift; sourceTree = "<group>"; };
		A21A1B2C3D4E5F6000000013 /* OpenSettingsKey.swift */ = {isa = PBXFileReference; lastKnownFileType = sourcecode.swift; path = OpenSettingsKey.swift; sourceTree = "<group>"; };
		A21A1B2C3D4E5F6000000014 /* DeskScreenChrome.swift */ = {isa = PBXFileReference; lastKnownFileType = sourcecode.swift; path = DeskScreenChrome.swift; sourceTree = "<group>"; };
		A21A1B2C3D4E5F6000000015 /* LegacyDeskTab.swift */ = {isa = PBXFileReference; lastKnownFileType = sourcecode.swift; path = LegacyDeskTab.swift; sourceTree = "<group>"; };
		A11A1B2C3D4E5F6000000017 /* README.md */ = {isa = PBXFileReference; lastKnownFileType = net.daringfireball.markdown; path = README.md; sourceTree = "<group>"; };
		B11A1B2C3D4E5F6000000011 /* PrivateHostPolicyTests.swift */ = {isa = PBXFileReference; lastKnownFileType = sourcecode.swift; path = PrivateHostPolicyTests.swift; sourceTree = "<group>"; };
		D71A1B2C3D4E5F6000000011 /* DeskFormattersTests.swift */ = {isa = PBXFileReference; lastKnownFileType = sourcecode.swift; path = DeskFormattersTests.swift; sourceTree = "<group>"; };
		C41A1B2C3D4E5F6000000011 /* PendingBetRoute.swift */ = {isa = PBXFileReference; lastKnownFileType = sourcecode.swift; path = PendingBetRoute.swift; sourceTree = "<group>"; };
		C41A1B2C3D4E5F6000000012 /* PendingBetRow.swift */ = {isa = PBXFileReference; lastKnownFileType = sourcecode.swift; path = PendingBetRow.swift; sourceTree = "<group>"; };
		C41A1B2C3D4E5F6000000013 /* PendingBetDetailView.swift */ = {isa = PBXFileReference; lastKnownFileType = sourcecode.swift; path = PendingBetDetailView.swift; sourceTree = "<group>"; };
		C41A1B2C3D4E5F6000000014 /* PendingBetRouteTests.swift */ = {isa = PBXFileReference; lastKnownFileType = sourcecode.swift; path = PendingBetRouteTests.swift; sourceTree = "<group>"; };
		848437EA320F44D9A1F3E5AD /* NTDesk.app */ = {isa = PBXFileReference; explicitFileType = wrapper.application; includeInIndex = 0; path = NTDesk.app; sourceTree = BUILT_PRODUCTS_DIR; };
		B11A1B2C3D4E5F6000000020 /* NTDeskTests.xctest */ = {isa = PBXFileReference; explicitFileType = wrapper.cfbundle; includeInIndex = 0; path = NTDeskTests.xctest; sourceTree = BUILT_PRODUCTS_DIR; };
		14E671AE8ACD437DA6E95191 /* Info.plist */ = {isa = PBXFileReference; lastKnownFileType = text.plist.xml; path = Info.plist; sourceTree = "<group>"; };
		B5E4BCA51612EB4937DB848A /* Assets.xcassets */ = {isa = PBXFileReference; lastKnownFileType = folder.assetcatalog; path = Assets.xcassets; sourceTree = "<group>"; };
		C1D2E3F4A5B60718293A4B5C /* PrivacyInfo.xcprivacy */ = {isa = PBXFileReference; lastKnownFileType = text.plist.xml; path = PrivacyInfo.xcprivacy; sourceTree = "<group>"; };
		P21A1B2C3D4E5F6000000011 /* ConnectionProfile.swift */ = {isa = PBXFileReference; lastKnownFileType = sourcecode.swift; path = ConnectionProfile.swift; sourceTree = "<group>"; };
		P21A1B2C3D4E5F6000000012 /* ConnectionProfileStore.swift */ = {isa = PBXFileReference; lastKnownFileType = sourcecode.swift; path = ConnectionProfileStore.swift; sourceTree = "<group>"; };
		P21A1B2C3D4E5F6000000013 /* ConnectionSettingsView.swift */ = {isa = PBXFileReference; lastKnownFileType = sourcecode.swift; path = ConnectionSettingsView.swift; sourceTree = "<group>"; };
		P21A1B2C3D4E5F6000000014 /* ProfilesListView.swift */ = {isa = PBXFileReference; lastKnownFileType = sourcecode.swift; path = ProfilesListView.swift; sourceTree = "<group>"; };
		P21A1B2C3D4E5F6000000015 /* ConnectionProfileStoreTests.swift */ = {isa = PBXFileReference; lastKnownFileType = sourcecode.swift; path = ConnectionProfileStoreTests.swift; sourceTree = "<group>"; };

		C31A1B2C3D4E5F6000000011 /* PlaceTheseDocument.swift */ = {isa = PBXFileReference; lastKnownFileType = sourcecode.swift; path = PlaceTheseDocument.swift; sourceTree = "<group>"; };
		C31A1B2C3D4E5F6000000012 /* PlaceTheseParser.swift */ = {isa = PBXFileReference; lastKnownFileType = sourcecode.swift; path = PlaceTheseParser.swift; sourceTree = "<group>"; };
		C31A1B2C3D4E5F6000000013 /* SlipMetaHeader.swift */ = {isa = PBXFileReference; lastKnownFileType = sourcecode.swift; path = SlipMetaHeader.swift; sourceTree = "<group>"; };
		C31A1B2C3D4E5F6000000014 /* SlipBetCard.swift */ = {isa = PBXFileReference; lastKnownFileType = sourcecode.swift; path = SlipBetCard.swift; sourceTree = "<group>"; };
		C31A1B2C3D4E5F6000000015 /* StatusDocumentView.swift */ = {isa = PBXFileReference; lastKnownFileType = sourcecode.swift; path = StatusDocumentView.swift; sourceTree = "<group>"; };
		C31A1B2C3D4E5F6000000016 /* MarkdownFallbackView.swift */ = {isa = PBXFileReference; lastKnownFileType = sourcecode.swift; path = MarkdownFallbackView.swift; sourceTree = "<group>"; };
		C31A1B2C3D4E5F6000000017 /* PlaceTheseParserTests.swift */ = {isa = PBXFileReference; lastKnownFileType = sourcecode.swift; path = PlaceTheseParserTests.swift; sourceTree = "<group>"; };
		C31A1B2C3D4E5F6000000018 /* PlaceTheseRowsPreviewTests.swift */ = {isa = PBXFileReference; lastKnownFileType = sourcecode.swift; path = PlaceTheseRowsPreviewTests.swift; sourceTree = "<group>"; };
		C31A1B2C3D4E5F6000000021 /* PLACE_THESE_2026-07-12.md */ = {isa = PBXFileReference; lastKnownFileType = net.daringfireball.markdown; path = "PLACE_THESE_2026-07-12.md"; sourceTree = "<group>"; };
		C31A1B2C3D4E5F6000000022 /* PLACE_THESE_empty.md */ = {isa = PBXFileReference; lastKnownFileType = net.daringfireball.markdown; path = PLACE_THESE_empty.md; sourceTree = "<group>"; };
		C31A1B2C3D4E5F6000000023 /* desk_sample_v1.json */ = {isa = PBXFileReference; lastKnownFileType = text.json; path = desk_sample_v1.json; sourceTree = "<group>"; };
		C51A1B2C3D4E5F6000000011 /* ChartSeries.swift */ = {isa = PBXFileReference; lastKnownFileType = sourcecode.swift; path = ChartSeries.swift; sourceTree = "<group>"; };
		C51A1B2C3D4E5F60000000E1 /* MobileAPICompatibility.swift */ = {isa = PBXFileReference; lastKnownFileType = sourcecode.swift; path = MobileAPICompatibility.swift; sourceTree = "<group>"; };
		C51A1B2C3D4E5F6000000012 /* ChartDataBuilder.swift */ = {isa = PBXFileReference; lastKnownFileType = sourcecode.swift; path = ChartDataBuilder.swift; sourceTree = "<group>"; };
		C51A1B2C3D4E5F6000000013 /* ChartSelectionCallout.swift */ = {isa = PBXFileReference; lastKnownFileType = sourcecode.swift; path = ChartSelectionCallout.swift; sourceTree = "<group>"; };
		C51A1B2C3D4E5F6000000014 /* ChartExpandedContainer.swift */ = {isa = PBXFileReference; lastKnownFileType = sourcecode.swift; path = ChartExpandedContainer.swift; sourceTree = "<group>"; };
		C51A1B2C3D4E5F6000000015 /* ChartAxisSupport.swift */ = {isa = PBXFileReference; lastKnownFileType = sourcecode.swift; path = ChartAxisSupport.swift; sourceTree = "<group>"; };
		C51A1B2C3D4E5F6000000016 /* EquityChartView.swift */ = {isa = PBXFileReference; lastKnownFileType = sourcecode.swift; path = EquityChartView.swift; sourceTree = "<group>"; };
		C51A1B2C3D4E5F6000000017 /* DailyPLChartView.swift */ = {isa = PBXFileReference; lastKnownFileType = sourcecode.swift; path = DailyPLChartView.swift; sourceTree = "<group>"; };
		C51A1B2C3D4E5F600000001C /* PerformanceCalendarView.swift */ = {isa = PBXFileReference; lastKnownFileType = sourcecode.swift; path = PerformanceCalendarView.swift; sourceTree = "<group>"; };
		C51A1B2C3D4E5F6000000018 /* DrawdownChartView.swift */ = {isa = PBXFileReference; lastKnownFileType = sourcecode.swift; path = DrawdownChartView.swift; sourceTree = "<group>"; };
		C51A1B2C3D4E5F6000000019 /* SportChartView.swift */ = {isa = PBXFileReference; lastKnownFileType = sourcecode.swift; path = SportChartView.swift; sourceTree = "<group>"; };
		C51A1B2C3D4E5F600000001A /* ChartDataBuilderTests.swift */ = {isa = PBXFileReference; lastKnownFileType = sourcecode.swift; path = ChartDataBuilderTests.swift; sourceTree = "<group>"; };
		C51A1B2C3D4E5F600000001B /* ChartSelectionRuleOverlay.swift */ = {isa = PBXFileReference; lastKnownFileType = sourcecode.swift; path = ChartSelectionRuleOverlay.swift; sourceTree = "<group>"; };
		P61A1B2C3D4E5F6000000011 /* ServerDiscoveryService.swift */ = {isa = PBXFileReference; lastKnownFileType = sourcecode.swift; path = ServerDiscoveryService.swift; sourceTree = "<group>"; };
		P61A1B2C3D4E5F6000000012 /* DiscoverySheet.swift */ = {isa = PBXFileReference; lastKnownFileType = sourcecode.swift; path = DiscoverySheet.swift; sourceTree = "<group>"; };
		P61A1B2C3D4E5F6000000013 /* ServerDiscoveryServiceTests.swift */ = {isa = PBXFileReference; lastKnownFileType = sourcecode.swift; path = ServerDiscoveryServiceTests.swift; sourceTree = "<group>"; };
		P91A1B2C3D4E5F6000000011 /* AppLockService.swift */ = {isa = PBXFileReference; lastKnownFileType = sourcecode.swift; path = AppLockService.swift; sourceTree = "<group>"; };
		P91A1B2C3D4E5F6000000012 /* DeskRuntime.swift */ = {isa = PBXFileReference; lastKnownFileType = sourcecode.swift; path = DeskRuntime.swift; sourceTree = "<group>"; };
		P91A1B2C3D4E5F6000000013 /* AppLockGateView.swift */ = {isa = PBXFileReference; lastKnownFileType = sourcecode.swift; path = AppLockGateView.swift; sourceTree = "<group>"; };
		P91A1B2C3D4E5F6000000014 /* SyncDeskIntent.swift */ = {isa = PBXFileReference; lastKnownFileType = sourcecode.swift; path = SyncDeskIntent.swift; sourceTree = "<group>"; };
		P91A1B2C3D4E5F6000000015 /* AppLockServiceTests.swift */ = {isa = PBXFileReference; lastKnownFileType = sourcecode.swift; path = AppLockServiceTests.swift; sourceTree = "<group>"; };
/* End PBXFileReference section */

/* Begin PBXFrameworksBuildPhase section */
		3B6AF8B309C24FDFA06C1428 /* Frameworks */ = {
			isa = PBXFrameworksBuildPhase;
			buildActionMask = 2147483647;
			files = (
			);
			runOnlyForDeploymentPostprocessing = 0;
		};
		B11A1B2C3D4E5F6000000040 /* Frameworks */ = {
			isa = PBXFrameworksBuildPhase;
			buildActionMask = 2147483647;
			files = (
			);
			runOnlyForDeploymentPostprocessing = 0;
		};
/* End PBXFrameworksBuildPhase section */

/* Begin PBXGroup section */
		3176D2C4D01D4821815C5F59 = {
			isa = PBXGroup;
			children = (
				A8F4DE00B463499C98F24529 /* NTDesk */,
				B11A1B2C3D4E5F6000000050 /* NTDeskTests */,
				A33091FEC3134DA2BACC85B6 /* Products */,
			);
			sourceTree = "<group>";
		};
		A33091FEC3134DA2BACC85B6 /* Products */ = {
			isa = PBXGroup;
			children = (
				848437EA320F44D9A1F3E5AD /* NTDesk.app */,
				B11A1B2C3D4E5F6000000020 /* NTDeskTests.xctest */,
			);
			name = Products;
			sourceTree = "<group>";
		};
		A8F4DE00B463499C98F24529 /* NTDesk */ = {
			isa = PBXGroup;
			children = (
				27EE6A4556014ACB90E60C91 /* NTDeskApp.swift */,
				D3378FDD6A4C4B45B645117A /* DesignSystem */,
				5A43CDD0A1EB45ECBB96D3A7 /* Models */,
				2D1A3137E6B74250BCCE8A09 /* Services */,
				A21A1B2C3D4E5F6000000020 /* App */,
				A21A1B2C3D4E5F6000000030 /* Features */,
				P91A1B2C3D4E5F6000000020 /* Intents */,
				A11A1B2C3D4E5F6000000060 /* Legacy */,
				B5E4BCA51612EB4937DB848A /* Assets.xcassets */,
				14E671AE8ACD437DA6E95191 /* Info.plist */,
				C1D2E3F4A5B60718293A4B5C /* PrivacyInfo.xcprivacy */,
			);
			path = NTDesk;
			sourceTree = "<group>";
		};
		P91A1B2C3D4E5F6000000020 /* Intents */ = {
			isa = PBXGroup;
			children = (
				P91A1B2C3D4E5F6000000014 /* SyncDeskIntent.swift */,
			);
			path = Intents;
			sourceTree = "<group>";
		};
		A11A1B2C3D4E5F6000000060 /* Legacy */ = {
			isa = PBXGroup;
			children = (
				A21A1B2C3D4E5F6000000015 /* LegacyDeskTab.swift */,
				A11A1B2C3D4E5F6000000011 /* LegacyRootView.swift */,
				A11A1B2C3D4E5F6000000012 /* LegacyDeskView.swift */,
				A11A1B2C3D4E5F6000000013 /* LegacyChartsView.swift */,
				A11A1B2C3D4E5F6000000014 /* LegacyPendingListView.swift */,
				A11A1B2C3D4E5F6000000015 /* LegacySlipView.swift */,
				A11A1B2C3D4E5F6000000016 /* LegacySettingsView.swift */,
				A11A1B2C3D4E5F6000000017 /* README.md */,
			);
			path = Legacy;
			sourceTree = "<group>";
		};
		B11A1B2C3D4E5F6000000050 /* NTDeskTests */ = {
			isa = PBXGroup;
			children = (
				B11A1B2C3D4E5F6000000011 /* PrivateHostPolicyTests.swift */,
				P21A1B2C3D4E5F6000000015 /* ConnectionProfileStoreTests.swift */,
				D71A1B2C3D4E5F6000000011 /* DeskFormattersTests.swift */,
				C31A1B2C3D4E5F6000000017 /* PlaceTheseParserTests.swift */,
				C31A1B2C3D4E5F6000000018 /* PlaceTheseRowsPreviewTests.swift */,
				C31A1B2C3D4E5F6000000040 /* Fixtures */,
				C41A1B2C3D4E5F6000000014 /* PendingBetRouteTests.swift */,
				C51A1B2C3D4E5F600000001A /* ChartDataBuilderTests.swift */,
				P61A1B2C3D4E5F6000000013 /* ServerDiscoveryServiceTests.swift */,
				P91A1B2C3D4E5F6000000015 /* AppLockServiceTests.swift */,
			);
			path = NTDeskTests;
			sourceTree = "<group>";
		};
		C31A1B2C3D4E5F6000000040 /* Fixtures */ = {
			isa = PBXGroup;
			children = (
				C31A1B2C3D4E5F6000000021 /* PLACE_THESE_2026-07-12.md */,
				C31A1B2C3D4E5F6000000022 /* PLACE_THESE_empty.md */,
				C31A1B2C3D4E5F6000000023 /* desk_sample_v1.json */,
			);
			path = Fixtures;
			sourceTree = "<group>";
		};
		D3378FDD6A4C4B45B645117A /* DesignSystem */ = {
			isa = PBXGroup;
			children = (
				459296BA0024409386108622 /* Color+Hex.swift */,
				9016FB0E7E8A4929A2708216 /* DeskTheme.swift */,
				E926D1ED8A694AB79F8F8B98 /* DeskSpacing.swift */,
				B370D56E4ED14EBCA7E78EB5 /* DeskTypography.swift */,
				9E2A6EE90C0C46C3A05FCCE8 /* DeskFormatters.swift */,
				3E32E91AE924460FA8AB19DF /* Components */,
			);
			path = DesignSystem;
			sourceTree = "<group>";
		};
		3E32E91AE924460FA8AB19DF /* Components */ = {
			isa = PBXGroup;
			children = (
				B3F9BD0E9C5E44339F56C699 /* MetricCard.swift */,
				662843DAEBD7427A95AC89B8 /* DeskCard.swift */,
				6C956EA299234BF1BC01281C /* StatusPill.swift */,
				8BABF7F3046C4854B0C6B736 /* FreshnessBanner.swift */,
				F1E2D3C4B5A6978800112233 /* RiskGaugeCard.swift */,
				B8D4F025C3E4F7B0A2D9E160 /* EmptyDeskView.swift */,
			);
			path = Components;
			sourceTree = "<group>";
		};
		5A43CDD0A1EB45ECBB96D3A7 /* Models */ = {
			isa = PBXGroup;
			children = (
				89153251FF794878B656A195 /* CacheEnvelope.swift */,
				8AEB1BFA4F9E49408518F2F1 /* DeskSnapshot.swift */,
				P21A1B2C3D4E5F6000000011 /* ConnectionProfile.swift */,
				C31A1B2C3D4E5F6000000011 /* PlaceTheseDocument.swift */,
				C41A1B2C3D4E5F6000000011 /* PendingBetRoute.swift */,
				C81A1B2C3D4E5F6000000011 /* ConnectionQuality.swift */,
				C51A1B2C3D4E5F60000000E1 /* MobileAPICompatibility.swift */,
				C51A1B2C3D4E5F6000000011 /* ChartSeries.swift */,
			);
			path = Models;
			sourceTree = "<group>";
		};
		2D1A3137E6B74250BCCE8A09 /* Services */ = {
			isa = PBXGroup;
			children = (
				4544F1B14C1848B3A0625549 /* CacheStore.swift */,
				965A39FC5F2047DD89F4A62F /* DeskAPIClient.swift */,
				1F73ED04DEF54036AFB8EC70 /* PrivateHostPolicy.swift */,
				C91A1B2C3D4E5F6000000012 /* CacheDebugExport.swift */,
				C91A1B2C3D4E5F6000000011 /* Haptics.swift */,
				C75282348639400EB6DDC42C /* SyncService.swift */,
				P21A1B2C3D4E5F6000000012 /* ConnectionProfileStore.swift */,
				C31A1B2C3D4E5F6000000012 /* PlaceTheseParser.swift */,
				C51A1B2C3D4E5F6000000012 /* ChartDataBuilder.swift */,
				P61A1B2C3D4E5F6000000011 /* ServerDiscoveryService.swift */,
				P91A1B2C3D4E5F6000000011 /* AppLockService.swift */,
				P91A1B2C3D4E5F6000000012 /* DeskRuntime.swift */,
				CA1A1B2C3D4E5F6000000011 /* NetworkPathMonitor.swift */,
			);
			path = Services;
			sourceTree = "<group>";
		};
		A21A1B2C3D4E5F6000000020 /* App */ = {
			isa = PBXGroup;
			children = (
				A21A1B2C3D4E5F6000000011 /* AppRootView.swift */,
				A21A1B2C3D4E5F6000000012 /* DeskTab.swift */,
				A21A1B2C3D4E5F6000000013 /* OpenSettingsKey.swift */,
				A21A1B2C3D4E5F6000000014 /* DeskScreenChrome.swift */,
				P91A1B2C3D4E5F6000000013 /* AppLockGateView.swift */,
			);
			path = App;
			sourceTree = "<group>";
		};
		A21A1B2C3D4E5F6000000030 /* Features */ = {
			isa = PBXGroup;
			children = (
				A21A1B2C3D4E5F6000000031 /* Desk */,
				A21A1B2C3D4E5F6000000032 /* Charts */,
				A21A1B2C3D4E5F6000000033 /* Pending */,
				A21A1B2C3D4E5F6000000034 /* Slip */,
				A21A1B2C3D4E5F6000000035 /* Settings */,
			);
			path = Features;
			sourceTree = "<group>";
		};
		A21A1B2C3D4E5F6000000031 /* Desk */ = {
			isa = PBXGroup;
			children = (
				64B3963EEF5248F6B65F432A /* DeskView.swift */,
				CA1A1B2C3D4E5F6000000012 /* EquitySparklineView.swift */,
				CA1A1B2C3D4E5F6000000013 /* MorningSummaryCard.swift */,
				CA1A1B2C3D4E5F6000000014 /* SecureBucketCard.swift */,
			);
			path = Desk;
			sourceTree = "<group>";
		};
		A21A1B2C3D4E5F6000000032 /* Charts */ = {
			isa = PBXGroup;
			children = (
				2B800869570241A490F8BC76 /* ChartsView.swift */,
				C51A1B2C3D4E5F6000000016 /* EquityChartView.swift */,
				C51A1B2C3D4E5F6000000017 /* DailyPLChartView.swift */,
				C51A1B2C3D4E5F600000001C /* PerformanceCalendarView.swift */,
				C51A1B2C3D4E5F6000000018 /* DrawdownChartView.swift */,
				C51A1B2C3D4E5F6000000019 /* SportChartView.swift */,
				C51A1B2C3D4E5F6000000013 /* ChartSelectionCallout.swift */,
				C51A1B2C3D4E5F6000000014 /* ChartExpandedContainer.swift */,
				C51A1B2C3D4E5F6000000015 /* ChartAxisSupport.swift */,
				C51A1B2C3D4E5F600000001B /* ChartSelectionRuleOverlay.swift */,
			);
			path = Charts;
			sourceTree = "<group>";
		};
		A21A1B2C3D4E5F6000000033 /* Pending */ = {
			isa = PBXGroup;
			children = (
				7D6E27D0C86F424B88EE82F2 /* PendingListView.swift */,
				C41A1B2C3D4E5F6000000012 /* PendingBetRow.swift */,
				C41A1B2C3D4E5F6000000013 /* PendingBetDetailView.swift */,
			);
			path = Pending;
			sourceTree = "<group>";
		};
		A21A1B2C3D4E5F6000000034 /* Slip */ = {
			isa = PBXGroup;
			children = (
				BE027349E12B4BDFB67B3DBA /* SlipView.swift */,
				C31A1B2C3D4E5F6000000013 /* SlipMetaHeader.swift */,
				C31A1B2C3D4E5F6000000014 /* SlipBetCard.swift */,
				C31A1B2C3D4E5F6000000015 /* StatusDocumentView.swift */,
				C31A1B2C3D4E5F6000000016 /* MarkdownFallbackView.swift */,
			);
			path = Slip;
			sourceTree = "<group>";
		};
		A21A1B2C3D4E5F6000000035 /* Settings */ = {
			isa = PBXGroup;
			children = (
				9E6AC46BE5914858AA4431A5 /* SettingsView.swift */,
				P21A1B2C3D4E5F6000000013 /* ConnectionSettingsView.swift */,
				P21A1B2C3D4E5F6000000014 /* ProfilesListView.swift */,
				P61A1B2C3D4E5F6000000012 /* DiscoverySheet.swift */,
			);
			path = Settings;
			sourceTree = "<group>";
		};
/* End PBXGroup section */

/* Begin PBXNativeTarget section */
		880089C8FF214801869BF38E /* NTDesk */ = {
			isa = PBXNativeTarget;
			buildConfigurationList = 47F9A00E74D343DFBECA83C9 /* Build configuration list for PBXNativeTarget "NTDesk" */;
			buildPhases = (
				8D8DBFD8E1094DBDAB22F594 /* Sources */,
				3B6AF8B309C24FDFA06C1428 /* Frameworks */,
				35B1D08D94824109B5F82006 /* Resources */,
			);
			buildRules = (
			);
			dependencies = (
			);
			name = NTDesk;
			productName = NTDesk;
			productReference = 848437EA320F44D9A1F3E5AD /* NTDesk.app */;
			productType = "com.apple.product-type.application";
		};
		B11A1B2C3D4E5F6000000070 /* NTDeskTests */ = {
			isa = PBXNativeTarget;
			buildConfigurationList = B11A1B2C3D4E5F6000000090 /* Build configuration list for PBXNativeTarget "NTDeskTests" */;
			buildPhases = (
				B11A1B2C3D4E5F6000000080 /* Sources */,
				B11A1B2C3D4E5F6000000040 /* Frameworks */,
				C31A1B2C3D4E5F6000000099 /* Resources */,
			);
			buildRules = (
			);
			dependencies = (
				B11A1B2C3D4E5F60000000A0 /* PBXTargetDependency */,
			);
			name = NTDeskTests;
			productName = NTDeskTests;
			productReference = B11A1B2C3D4E5F6000000020 /* NTDeskTests.xctest */;
			productType = "com.apple.product-type.bundle.unit-test";
		};
/* End PBXNativeTarget section */

/* Begin PBXProject section */
		7E41CA327F494F449F259CA3 /* Project object */ = {
			isa = PBXProject;
			attributes = {
				BuildIndependentTargetsInParallel = 1;
				LastSwiftUpdateCheck = 1500;
				LastUpgradeCheck = 1500;
				TargetAttributes = {
					880089C8FF214801869BF38E = {
						CreatedOnToolsVersion = 15.0;
					};
					B11A1B2C3D4E5F6000000070 = {
						CreatedOnToolsVersion = 15.0;
						TestTargetID = 880089C8FF214801869BF38E;
					};
				};
			};
			buildConfigurationList = 16854CEEF2DF46FF87142795 /* Build configuration list for PBXProject "NTDesk" */;
			compatibilityVersion = "Xcode 14.0";
			developmentRegion = en;
			hasScannedForEncodings = 0;
			knownRegions = (
				en,
				Base,
			);
			mainGroup = 3176D2C4D01D4821815C5F59;
			productRefGroup = A33091FEC3134DA2BACC85B6 /* Products */;
			projectDirPath = "";
			projectRoot = "";
			targets = (
				880089C8FF214801869BF38E /* NTDesk */,
				B11A1B2C3D4E5F6000000070 /* NTDeskTests */,
			);
		};
/* End PBXProject section */

/* Begin PBXResourcesBuildPhase section */
		35B1D08D94824109B5F82006 /* Resources */ = {
			isa = PBXResourcesBuildPhase;
			buildActionMask = 2147483647;
			files = (
				CB91B236D5F7C7144AA1B55E /* Assets.xcassets in Resources */,
				D4E5F6A7B8C94D0E1F2A3B4C /* PrivacyInfo.xcprivacy in Resources */,
			);
			runOnlyForDeploymentPostprocessing = 0;
		};
		C31A1B2C3D4E5F6000000099 /* Resources */ = {
			isa = PBXResourcesBuildPhase;
			buildActionMask = 2147483647;
			files = (
				C31A1B2C3D4E5F6000000031 /* PLACE_THESE_2026-07-12.md in Resources */,
				C31A1B2C3D4E5F6000000032 /* PLACE_THESE_empty.md in Resources */,
				C31A1B2C3D4E5F6000000033 /* desk_sample_v1.json in Resources */,
			);
			runOnlyForDeploymentPostprocessing = 0;
		};
/* End PBXResourcesBuildPhase section */

/* Begin PBXSourcesBuildPhase section */
		8D8DBFD8E1094DBDAB22F594 /* Sources */ = {
			isa = PBXSourcesBuildPhase;
			buildActionMask = 2147483647;
			files = (
				4BA9D7AA6D714D6F910BED51 /* CacheEnvelope.swift in Sources */,
				5733BE05234D4B469B6F6357 /* DeskSnapshot.swift in Sources */,
				E3B44F72446B4435A6F92B8C /* NTDeskApp.swift in Sources */,
				710ECB7CA555499BB575330B /* CacheStore.swift in Sources */,
				518DBD775FE644599D68FD6C /* DeskAPIClient.swift in Sources */,
				02500C5084F54662BCBB9D79 /* PrivateHostPolicy.swift in Sources */,
				CA1A1B2C3D4E5F6000000001 /* NetworkPathMonitor.swift in Sources */,
				C91A1B2C3D4E5F6000000002 /* CacheDebugExport.swift in Sources */,
				C91A1B2C3D4E5F6000000001 /* Haptics.swift in Sources */,
				0DDFCD6BF58E47FD8D033C60 /* SyncService.swift in Sources */,
				7386E4EB0A584CD58E467CA9 /* ChartsView.swift in Sources */,
				6F4AF4EB9E094DDDB2DCEC87 /* DeskView.swift in Sources */,
				CA1A1B2C3D4E5F6000000004 /* SecureBucketCard.swift in Sources */,
				CA1A1B2C3D4E5F6000000003 /* MorningSummaryCard.swift in Sources */,
				CA1A1B2C3D4E5F6000000002 /* EquitySparklineView.swift in Sources */,
				A292ED1DF0D743FC8AC0E623 /* PendingListView.swift in Sources */,
				D2EB199DB8424737B2E17533 /* SettingsView.swift in Sources */,
				43074185315343D497370947 /* SlipView.swift in Sources */,
				A11A1B2C3D4E5F6000000001 /* LegacyRootView.swift in Sources */,
				A11A1B2C3D4E5F6000000002 /* LegacyDeskView.swift in Sources */,
				A11A1B2C3D4E5F6000000003 /* LegacyChartsView.swift in Sources */,
				A11A1B2C3D4E5F6000000004 /* LegacyPendingListView.swift in Sources */,
				A11A1B2C3D4E5F6000000005 /* LegacySlipView.swift in Sources */,
				A11A1B2C3D4E5F6000000006 /* LegacySettingsView.swift in Sources */,
				A21A1B2C3D4E5F6000000001 /* AppRootView.swift in Sources */,
				A21A1B2C3D4E5F6000000002 /* DeskTab.swift in Sources */,
				A21A1B2C3D4E5F6000000003 /* OpenSettingsKey.swift in Sources */,
				A21A1B2C3D4E5F6000000004 /* DeskScreenChrome.swift in Sources */,
				A21A1B2C3D4E5F6000000005 /* LegacyDeskTab.swift in Sources */,
				433FAE3AD3044C65A3768EA6 /* Color+Hex.swift in Sources */,
				3C9087B488054EE288DC4DAC /* DeskTheme.swift in Sources */,
				DE90BB1B9CC04018B9BC8B05 /* DeskSpacing.swift in Sources */,
				91F7C6B3DB424374BD0A2590 /* DeskTypography.swift in Sources */,
				66CC323A1C1340AEB2F2AB74 /* DeskFormatters.swift in Sources */,
				754812D293BB431DBCE73393 /* MetricCard.swift in Sources */,
				5EC5B62D213F49F7B232777E /* DeskCard.swift in Sources */,
				E84002870C2349519C0A75A6 /* StatusPill.swift in Sources */,
				38C4C7F4264144B084C95275 /* FreshnessBanner.swift in Sources */,
				A1B2C3D4E5F6471890ABCDEF /* RiskGaugeCard.swift in Sources */,
				A7C3E91F4B2D4E6A9F1C8D05 /* EmptyDeskView.swift in Sources */,
				P21A1B2C3D4E5F6000000001 /* ConnectionProfile.swift in Sources */,
				P21A1B2C3D4E5F6000000002 /* ConnectionProfileStore.swift in Sources */,
				P21A1B2C3D4E5F6000000003 /* ConnectionSettingsView.swift in Sources */,
				P21A1B2C3D4E5F6000000004 /* ProfilesListView.swift in Sources */,
				C31A1B2C3D4E5F6000000001 /* PlaceTheseDocument.swift in Sources */,
				C31A1B2C3D4E5F6000000002 /* PlaceTheseParser.swift in Sources */,
				C31A1B2C3D4E5F6000000003 /* SlipMetaHeader.swift in Sources */,
				C31A1B2C3D4E5F6000000004 /* SlipBetCard.swift in Sources */,
				C31A1B2C3D4E5F6000000005 /* StatusDocumentView.swift in Sources */,
				C31A1B2C3D4E5F6000000006 /* MarkdownFallbackView.swift in Sources */,
				C41A1B2C3D4E5F6000000001 /* PendingBetRoute.swift in Sources */,
				C81A1B2C3D4E5F6000000001 /* ConnectionQuality.swift in Sources */,
				C41A1B2C3D4E5F6000000002 /* PendingBetRow.swift in Sources */,
				C41A1B2C3D4E5F6000000003 /* PendingBetDetailView.swift in Sources */,
				C51A1B2C3D4E5F6000000001 /* ChartSeries.swift in Sources */,
				C51A1B2C3D4E5F60000000D1 /* MobileAPICompatibility.swift in Sources */,
				C51A1B2C3D4E5F6000000002 /* ChartDataBuilder.swift in Sources */,
				C51A1B2C3D4E5F6000000003 /* ChartSelectionCallout.swift in Sources */,
				C51A1B2C3D4E5F6000000004 /* ChartExpandedContainer.swift in Sources */,
				C51A1B2C3D4E5F6000000005 /* ChartAxisSupport.swift in Sources */,
				C51A1B2C3D4E5F6000000006 /* EquityChartView.swift in Sources */,
				C51A1B2C3D4E5F6000000007 /* DailyPLChartView.swift in Sources */,
				C51A1B2C3D4E5F600000000C /* PerformanceCalendarView.swift in Sources */,
				C51A1B2C3D4E5F6000000008 /* DrawdownChartView.swift in Sources */,
				C51A1B2C3D4E5F6000000009 /* SportChartView.swift in Sources */,
				C51A1B2C3D4E5F600000000B /* ChartSelectionRuleOverlay.swift in Sources */,
				P61A1B2C3D4E5F6000000001 /* ServerDiscoveryService.swift in Sources */,
				P61A1B2C3D4E5F6000000002 /* DiscoverySheet.swift in Sources */,
				P91A1B2C3D4E5F6000000001 /* AppLockService.swift in Sources */,
				P91A1B2C3D4E5F6000000002 /* DeskRuntime.swift in Sources */,
				P91A1B2C3D4E5F6000000003 /* AppLockGateView.swift in Sources */,
				P91A1B2C3D4E5F6000000004 /* SyncDeskIntent.swift in Sources */,
			);
			runOnlyForDeploymentPostprocessing = 0;
		};
		B11A1B2C3D4E5F6000000080 /* Sources */ = {
			isa = PBXSourcesBuildPhase;
			buildActionMask = 2147483647;
			files = (
				B11A1B2C3D4E5F6000000001 /* PrivateHostPolicyTests.swift in Sources */,
				P21A1B2C3D4E5F6000000005 /* ConnectionProfileStoreTests.swift in Sources */,
				D71A1B2C3D4E5F6000000001 /* DeskFormattersTests.swift in Sources */,
				C31A1B2C3D4E5F6000000007 /* PlaceTheseParserTests.swift in Sources */,
				C31A1B2C3D4E5F6000000008 /* PlaceTheseRowsPreviewTests.swift in Sources */,
				C41A1B2C3D4E5F6000000004 /* PendingBetRouteTests.swift in Sources */,
				C51A1B2C3D4E5F600000000A /* ChartDataBuilderTests.swift in Sources */,
				P61A1B2C3D4E5F6000000003 /* ServerDiscoveryServiceTests.swift in Sources */,
				P91A1B2C3D4E5F6000000005 /* AppLockServiceTests.swift in Sources */,
			);
			runOnlyForDeploymentPostprocessing = 0;
		};
/* End PBXSourcesBuildPhase section */

/* Begin PBXTargetDependency section */
		B11A1B2C3D4E5F60000000A0 /* PBXTargetDependency */ = {
			isa = PBXTargetDependency;
			target = 880089C8FF214801869BF38E /* NTDesk */;
			targetProxy = B11A1B2C3D4E5F6000000030 /* PBXContainerItemProxy */;
		};
/* End PBXTargetDependency section */

/* Begin XCBuildConfiguration section */
		8E5DC41DD454486EB2856082 /* Debug */ = {
			isa = XCBuildConfiguration;
			buildSettings = {
				ALWAYS_SEARCH_USER_PATHS = NO;
				CLANG_ENABLE_MODULES = YES;
				COPY_PHASE_STRIP = NO;
				DEBUG_INFORMATION_FORMAT = dwarf;
				GCC_DYNAMIC_NO_PIC = NO;
				GCC_OPTIMIZATION_LEVEL = 0;
				IPHONEOS_DEPLOYMENT_TARGET = 18.0;
				ONLY_ACTIVE_ARCH = YES;
				SDKROOT = iphoneos;
				SWIFT_ACTIVE_COMPILATION_CONDITIONS = DEBUG;
				SWIFT_OPTIMIZATION_LEVEL = "-Onone";
			};
			name = Debug;
		};
		C47CC76CCD45442483CD0210 /* Release */ = {
			isa = XCBuildConfiguration;
			buildSettings = {
				ALWAYS_SEARCH_USER_PATHS = NO;
				CLANG_ENABLE_MODULES = YES;
				COPY_PHASE_STRIP = NO;
				DEBUG_INFORMATION_FORMAT = "dwarf-with-dsym";
				IPHONEOS_DEPLOYMENT_TARGET = 18.0;
				SDKROOT = iphoneos;
				SWIFT_COMPILATION_MODE = wholemodule;
				VALIDATE_PRODUCT = YES;
			};
			name = Release;
		};
		C11A1B2C3D4E5F6000000001 /* LegacyDebug */ = {
			isa = XCBuildConfiguration;
			buildSettings = {
				ALWAYS_SEARCH_USER_PATHS = NO;
				CLANG_ENABLE_MODULES = YES;
				COPY_PHASE_STRIP = NO;
				DEBUG_INFORMATION_FORMAT = dwarf;
				GCC_DYNAMIC_NO_PIC = NO;
				GCC_OPTIMIZATION_LEVEL = 0;
				IPHONEOS_DEPLOYMENT_TARGET = 18.0;
				ONLY_ACTIVE_ARCH = YES;
				SDKROOT = iphoneos;
				SWIFT_ACTIVE_COMPILATION_CONDITIONS = "DEBUG NTDESK_USE_LEGACY_UI";
				SWIFT_OPTIMIZATION_LEVEL = "-Onone";
			};
			name = LegacyDebug;
		};
		C11A1B2C3D4E5F6000000002 /* LegacyRelease */ = {
			isa = XCBuildConfiguration;
			buildSettings = {
				ALWAYS_SEARCH_USER_PATHS = NO;
				CLANG_ENABLE_MODULES = YES;
				COPY_PHASE_STRIP = NO;
				DEBUG_INFORMATION_FORMAT = "dwarf-with-dsym";
				IPHONEOS_DEPLOYMENT_TARGET = 18.0;
				SDKROOT = iphoneos;
				SWIFT_ACTIVE_COMPILATION_CONDITIONS = NTDESK_USE_LEGACY_UI;
				SWIFT_COMPILATION_MODE = wholemodule;
				VALIDATE_PRODUCT = YES;
			};
			name = LegacyRelease;
		};
		F320446E1AF141E78C280BAB /* Debug */ = {
			isa = XCBuildConfiguration;
			buildSettings = {
				ASSETCATALOG_COMPILER_APPICON_NAME = AppIcon;
				ASSETCATALOG_COMPILER_GLOBAL_ACCENT_COLOR_NAME = AccentColor;
				CODE_SIGNING_ALLOWED = NO;
				CODE_SIGNING_REQUIRED = NO;
				CODE_SIGN_IDENTITY = "";
				CODE_SIGN_STYLE = Manual;
				CURRENT_PROJECT_VERSION = 6;
				DEVELOPMENT_TEAM = "";
				ENABLE_PREVIEWS = YES;
				ENABLE_TESTABILITY = YES;
				GENERATE_INFOPLIST_FILE = NO;
				INFOPLIST_FILE = NTDesk/Info.plist;
				INFOPLIST_KEY_UIApplicationSupportsIndirectInputEvents = YES;
				IPHONEOS_DEPLOYMENT_TARGET = 18.0;
				LD_RUNPATH_SEARCH_PATHS = (
					"$(inherited)",
					"@executable_path/Frameworks",
				);
				MARKETING_VERSION = 1.1.4;
				PRODUCT_BUNDLE_IDENTIFIER = com.simsalabim.ntdesk;
				PRODUCT_NAME = "$(TARGET_NAME)";
				SUPPORTED_PLATFORMS = "iphoneos iphonesimulator";
				SUPPORTS_MACCATALYST = NO;
				SWIFT_EMIT_LOC_STRINGS = YES;
				SWIFT_VERSION = 5.0;
				TARGETED_DEVICE_FAMILY = "1,2";
			};
			name = Debug;
		};
		1D24D7336528444AAEDF924F /* Release */ = {
			isa = XCBuildConfiguration;
			buildSettings = {
				ASSETCATALOG_COMPILER_APPICON_NAME = AppIcon;
				ASSETCATALOG_COMPILER_GLOBAL_ACCENT_COLOR_NAME = AccentColor;
				CODE_SIGNING_ALLOWED = NO;
				CODE_SIGNING_REQUIRED = NO;
				CODE_SIGN_IDENTITY = "";
				CODE_SIGN_STYLE = Manual;
				CURRENT_PROJECT_VERSION = 6;
				DEVELOPMENT_TEAM = "";
				ENABLE_PREVIEWS = YES;
				GENERATE_INFOPLIST_FILE = NO;
				INFOPLIST_FILE = NTDesk/Info.plist;
				INFOPLIST_KEY_UIApplicationSupportsIndirectInputEvents = YES;
				IPHONEOS_DEPLOYMENT_TARGET = 18.0;
				LD_RUNPATH_SEARCH_PATHS = (
					"$(inherited)",
					"@executable_path/Frameworks",
				);
				MARKETING_VERSION = 1.1.4;
				PRODUCT_BUNDLE_IDENTIFIER = com.simsalabim.ntdesk;
				PRODUCT_NAME = "$(TARGET_NAME)";
				SUPPORTED_PLATFORMS = "iphoneos iphonesimulator";
				SUPPORTS_MACCATALYST = NO;
				SWIFT_EMIT_LOC_STRINGS = YES;
				SWIFT_VERSION = 5.0;
				TARGETED_DEVICE_FAMILY = "1,2";
			};
			name = Release;
		};
		C11A1B2C3D4E5F6000000003 /* LegacyDebug */ = {
			isa = XCBuildConfiguration;
			buildSettings = {
				ASSETCATALOG_COMPILER_APPICON_NAME = AppIcon;
				ASSETCATALOG_COMPILER_GLOBAL_ACCENT_COLOR_NAME = AccentColor;
				CODE_SIGNING_ALLOWED = NO;
				CODE_SIGNING_REQUIRED = NO;
				CODE_SIGN_IDENTITY = "";
				CODE_SIGN_STYLE = Manual;
				CURRENT_PROJECT_VERSION = 6;
				DEVELOPMENT_TEAM = "";
				ENABLE_PREVIEWS = YES;
				ENABLE_TESTABILITY = YES;
				GENERATE_INFOPLIST_FILE = NO;
				INFOPLIST_FILE = NTDesk/Info.plist;
				INFOPLIST_KEY_UIApplicationSupportsIndirectInputEvents = YES;
				IPHONEOS_DEPLOYMENT_TARGET = 18.0;
				LD_RUNPATH_SEARCH_PATHS = (
					"$(inherited)",
					"@executable_path/Frameworks",
				);
				MARKETING_VERSION = 1.1.4;
				PRODUCT_BUNDLE_IDENTIFIER = com.simsalabim.ntdesk;
				PRODUCT_NAME = "$(TARGET_NAME)";
				SUPPORTED_PLATFORMS = "iphoneos iphonesimulator";
				SUPPORTS_MACCATALYST = NO;
				SWIFT_ACTIVE_COMPILATION_CONDITIONS = "DEBUG NTDESK_USE_LEGACY_UI";
				SWIFT_EMIT_LOC_STRINGS = YES;
				SWIFT_VERSION = 5.0;
				TARGETED_DEVICE_FAMILY = "1,2";
			};
			name = LegacyDebug;
		};
		C11A1B2C3D4E5F6000000004 /* LegacyRelease */ = {
			isa = XCBuildConfiguration;
			buildSettings = {
				ASSETCATALOG_COMPILER_APPICON_NAME = AppIcon;
				ASSETCATALOG_COMPILER_GLOBAL_ACCENT_COLOR_NAME = AccentColor;
				CODE_SIGNING_ALLOWED = NO;
				CODE_SIGNING_REQUIRED = NO;
				CODE_SIGN_IDENTITY = "";
				CODE_SIGN_STYLE = Manual;
				CURRENT_PROJECT_VERSION = 6;
				DEVELOPMENT_TEAM = "";
				ENABLE_PREVIEWS = YES;
				GENERATE_INFOPLIST_FILE = NO;
				INFOPLIST_FILE = NTDesk/Info.plist;
				INFOPLIST_KEY_UIApplicationSupportsIndirectInputEvents = YES;
				IPHONEOS_DEPLOYMENT_TARGET = 18.0;
				LD_RUNPATH_SEARCH_PATHS = (
					"$(inherited)",
					"@executable_path/Frameworks",
				);
				MARKETING_VERSION = 1.1.4;
				PRODUCT_BUNDLE_IDENTIFIER = com.simsalabim.ntdesk;
				PRODUCT_NAME = "$(TARGET_NAME)";
				SUPPORTED_PLATFORMS = "iphoneos iphonesimulator";
				SUPPORTS_MACCATALYST = NO;
				SWIFT_ACTIVE_COMPILATION_CONDITIONS = NTDESK_USE_LEGACY_UI;
				SWIFT_EMIT_LOC_STRINGS = YES;
				SWIFT_VERSION = 5.0;
				TARGETED_DEVICE_FAMILY = "1,2";
			};
			name = LegacyRelease;
		};
		B11A1B2C3D4E5F60000000B0 /* Debug */ = {
			isa = XCBuildConfiguration;
			buildSettings = {
				BUNDLE_LOADER = "$(TEST_HOST)";
				CODE_SIGNING_ALLOWED = NO;
				CODE_SIGNING_REQUIRED = NO;
				CODE_SIGN_IDENTITY = "";
				CODE_SIGN_STYLE = Manual;
				CURRENT_PROJECT_VERSION = 6;
				DEVELOPMENT_TEAM = "";
				GENERATE_INFOPLIST_FILE = YES;
				IPHONEOS_DEPLOYMENT_TARGET = 18.0;
				LD_RUNPATH_SEARCH_PATHS = (
					"$(inherited)",
					"@executable_path/Frameworks",
					"@loader_path/Frameworks",
				);
				MARKETING_VERSION = 1.1.4;
				PRODUCT_BUNDLE_IDENTIFIER = com.simsalabim.ntdesk.tests;
				PRODUCT_NAME = "$(TARGET_NAME)";
				SUPPORTED_PLATFORMS = "iphoneos iphonesimulator";
				SUPPORTS_MACCATALYST = NO;
				SWIFT_EMIT_LOC_STRINGS = NO;
				SWIFT_VERSION = 5.0;
				TARGETED_DEVICE_FAMILY = "1,2";
				TEST_HOST = "$(BUILT_PRODUCTS_DIR)/NTDesk.app/$(BUNDLE_EXECUTABLE_FOLDER_PATH)/NTDesk";
			};
			name = Debug;
		};
		B11A1B2C3D4E5F60000000B1 /* Release */ = {
			isa = XCBuildConfiguration;
			buildSettings = {
				BUNDLE_LOADER = "$(TEST_HOST)";
				CODE_SIGNING_ALLOWED = NO;
				CODE_SIGNING_REQUIRED = NO;
				CODE_SIGN_IDENTITY = "";
				CODE_SIGN_STYLE = Manual;
				CURRENT_PROJECT_VERSION = 6;
				DEVELOPMENT_TEAM = "";
				GENERATE_INFOPLIST_FILE = YES;
				IPHONEOS_DEPLOYMENT_TARGET = 18.0;
				LD_RUNPATH_SEARCH_PATHS = (
					"$(inherited)",
					"@executable_path/Frameworks",
					"@loader_path/Frameworks",
				);
				MARKETING_VERSION = 1.1.4;
				PRODUCT_BUNDLE_IDENTIFIER = com.simsalabim.ntdesk.tests;
				PRODUCT_NAME = "$(TARGET_NAME)";
				SUPPORTED_PLATFORMS = "iphoneos iphonesimulator";
				SUPPORTS_MACCATALYST = NO;
				SWIFT_EMIT_LOC_STRINGS = NO;
				SWIFT_VERSION = 5.0;
				TARGETED_DEVICE_FAMILY = "1,2";
				TEST_HOST = "$(BUILT_PRODUCTS_DIR)/NTDesk.app/$(BUNDLE_EXECUTABLE_FOLDER_PATH)/NTDesk";
			};
			name = Release;
		};
		B11A1B2C3D4E5F60000000B2 /* LegacyDebug */ = {
			isa = XCBuildConfiguration;
			buildSettings = {
				BUNDLE_LOADER = "$(TEST_HOST)";
				CODE_SIGNING_ALLOWED = NO;
				CODE_SIGNING_REQUIRED = NO;
				CODE_SIGN_IDENTITY = "";
				CODE_SIGN_STYLE = Manual;
				CURRENT_PROJECT_VERSION = 6;
				DEVELOPMENT_TEAM = "";
				GENERATE_INFOPLIST_FILE = YES;
				IPHONEOS_DEPLOYMENT_TARGET = 18.0;
				LD_RUNPATH_SEARCH_PATHS = (
					"$(inherited)",
					"@executable_path/Frameworks",
					"@loader_path/Frameworks",
				);
				MARKETING_VERSION = 1.1.4;
				PRODUCT_BUNDLE_IDENTIFIER = com.simsalabim.ntdesk.tests;
				PRODUCT_NAME = "$(TARGET_NAME)";
				SUPPORTED_PLATFORMS = "iphoneos iphonesimulator";
				SUPPORTS_MACCATALYST = NO;
				SWIFT_EMIT_LOC_STRINGS = NO;
				SWIFT_VERSION = 5.0;
				TARGETED_DEVICE_FAMILY = "1,2";
				TEST_HOST = "$(BUILT_PRODUCTS_DIR)/NTDesk.app/$(BUNDLE_EXECUTABLE_FOLDER_PATH)/NTDesk";
			};
			name = LegacyDebug;
		};
		B11A1B2C3D4E5F60000000B3 /* LegacyRelease */ = {
			isa = XCBuildConfiguration;
			buildSettings = {
				BUNDLE_LOADER = "$(TEST_HOST)";
				CODE_SIGNING_ALLOWED = NO;
				CODE_SIGNING_REQUIRED = NO;
				CODE_SIGN_IDENTITY = "";
				CODE_SIGN_STYLE = Manual;
				CURRENT_PROJECT_VERSION = 6;
				DEVELOPMENT_TEAM = "";
				GENERATE_INFOPLIST_FILE = YES;
				IPHONEOS_DEPLOYMENT_TARGET = 18.0;
				LD_RUNPATH_SEARCH_PATHS = (
					"$(inherited)",
					"@executable_path/Frameworks",
					"@loader_path/Frameworks",
				);
				MARKETING_VERSION = 1.1.4;
				PRODUCT_BUNDLE_IDENTIFIER = com.simsalabim.ntdesk.tests;
				PRODUCT_NAME = "$(TARGET_NAME)";
				SUPPORTED_PLATFORMS = "iphoneos iphonesimulator";
				SUPPORTS_MACCATALYST = NO;
				SWIFT_EMIT_LOC_STRINGS = NO;
				SWIFT_VERSION = 5.0;
				TARGETED_DEVICE_FAMILY = "1,2";
				TEST_HOST = "$(BUILT_PRODUCTS_DIR)/NTDesk.app/$(BUNDLE_EXECUTABLE_FOLDER_PATH)/NTDesk";
			};
			name = LegacyRelease;
		};
/* End XCBuildConfiguration section */

/* Begin XCConfigurationList section */
		16854CEEF2DF46FF87142795 /* Build configuration list for PBXProject "NTDesk" */ = {
			isa = XCConfigurationList;
			buildConfigurations = (
				8E5DC41DD454486EB2856082 /* Debug */,
				C47CC76CCD45442483CD0210 /* Release */,
				C11A1B2C3D4E5F6000000001 /* LegacyDebug */,
				C11A1B2C3D4E5F6000000002 /* LegacyRelease */,
			);
			defaultConfigurationIsVisible = 0;
			defaultConfigurationName = Release;
		};
		47F9A00E74D343DFBECA83C9 /* Build configuration list for PBXNativeTarget "NTDesk" */ = {
			isa = XCConfigurationList;
			buildConfigurations = (
				F320446E1AF141E78C280BAB /* Debug */,
				1D24D7336528444AAEDF924F /* Release */,
				C11A1B2C3D4E5F6000000003 /* LegacyDebug */,
				C11A1B2C3D4E5F6000000004 /* LegacyRelease */,
			);
			defaultConfigurationIsVisible = 0;
			defaultConfigurationName = Release;
		};
		B11A1B2C3D4E5F6000000090 /* Build configuration list for PBXNativeTarget "NTDeskTests" */ = {
			isa = XCConfigurationList;
			buildConfigurations = (
				B11A1B2C3D4E5F60000000B0 /* Debug */,
				B11A1B2C3D4E5F60000000B1 /* Release */,
				B11A1B2C3D4E5F60000000B2 /* LegacyDebug */,
				B11A1B2C3D4E5F60000000B3 /* LegacyRelease */,
			);
			defaultConfigurationIsVisible = 0;
			defaultConfigurationName = Release;
		};
/* End XCConfigurationList section */
	};
	rootObject = 7E41CA327F494F449F259CA3 /* Project object */;
}
